// !$*UTF8*$!
{
	archiveVersion = 1;
	classes = {
	};
	objectVersion = 56;
	objects = {

/* Begin PBXBuildFile section */
		6E7961762B07C0CA00FA6609 /* AppDelegate.swift in Sources */ = {isa = PBXBuildFile; fileRef = 6E7961752B07C0CA00FA6609 /* AppDelegate.swift */; };
		6E7961782B07C0CA00FA6609 /* SceneDelegate.swift in Sources */ = {isa = PBXBuildFile; fileRef = 6E7961772B07C0CA00FA6609 /* SceneDelegate.swift */; };
		6E79617A2B07C0CA00FA6609 /* ViewController.swift in Sources */ = {isa = PBXBuildFile; fileRef = 6E7961792B07C0CA00FA6609 /* ViewController.swift */; };
		6E79617D2B07C0CA00FA6609 /* Main.storyboard in Resources */ = {isa = PBXBuildFile; fileRef = 6E79617B2B07C0CA00FA6609 /* Main.storyboard */; };
		6E79617F2B07C0CC00FA6609 /* Assets.xcassets in Resources */ = {isa = PBXBuildFile; fileRef = 6E79617E2B07C0CC00FA6609 /* Assets.xcassets */; };
		6E7961822B07C0CC00FA6609 /* LaunchScreen.storyboard in Resources */ = {isa = PBXBuildFile; fileRef = 6E7961802B07C0CC00FA6609 /* LaunchScreen.storyboard */; };
		6E79618D2B07C0CC00FA6609 /* KeyboardKetTests.swift in Sources */ = {isa = PBXBuildFile; fileRef = 6E79618C2B07C0CC00FA6609 /* KeyboardKetTests.swift */; };
		6E7961972B07C0CC00FA6609 /* KeyboardKetUITests.swift in Sources */ = {isa = PBXBuildFile; fileRef = 6E7961962B07C0CC00FA6609 /* KeyboardKetUITests.swift */; };
		6E7961992B07C0CC00FA6609 /* KeyboardKetUITestsLaunchTests.swift in Sources */ = {isa = PBXBuildFile; fileRef = 6E7961982B07C0CC00FA6609 /* KeyboardKetUITestsLaunchTests.swift */; };
/* End PBXBuildFile section */

/* Begin PBXContainerItemProxy section */
		6E7961892B07C0CC00FA6609 /* PBXContainerItemProxy */ = {
			isa = PBXContainerItemProxy;
			containerPortal = 6E79616A2B07C0CA00FA6609 /* Project object */;
			proxyType = 1;
			remoteGlobalIDString = 6E7961712B07C0CA00FA6609;
			remoteInfo = KeyboardKet;
		};
		6E7961932B07C0CC00FA6609 /* PBXContainerItemProxy */ = {
			isa = PBXContainerItemProxy;
			containerPortal = 6E79616A2B07C0CA00FA6609 /* Project object */;
			proxyType = 1;
			remoteGlobalIDString = 6E7961712B07C0CA00FA6609;
			remoteInfo = KeyboardKet;
		};
/* End PBXContainerItemProxy section */

/* Begin PBXFileReference section */
		6E7961722B07C0CA00FA6609 /* KeyboardKet.app */ = {isa = PBXFileReference; explicitFileType = wrapper.application; includeInIndex = 0; path = KeyboardKet.app; sourceTree = BUILT_PRODUCTS_DIR; };
		6E7961752B07C0CA00FA6609 /* AppDelegate.swift */ = {isa = PBXFileReference; lastKnownFileType = sourcecode.swift; path = AppDelegate.swift; sourceTree = "<group>"; };
		6E7961772B07C0CA00FA6609 /* SceneDelegate.swift */ = {isa = PBXFileReference; lastKnownFileType = sourcecode.swift; path = SceneDelegate.swift; sourceTree = "<group>"; };
		6E7961792B07C0CA00FA6609 /* ViewController.swift */ = {isa = PBXFileReference; lastKnownFileType = sourcecode.swift; path = ViewController.swift; sourceTree = "<group>"; };
		6E79617C2B07C0CA00FA6609 /* Base */ = {isa = PBXFileReference; lastKnownFileType = file.storyboard; name = Base; path = Base.lproj/Main.storyboard; sourceTree = "<group>"; };
		6E79617E2B07C0CC00FA6609 /* Assets.xcassets */ = {isa = PBXFileReference; lastKnownFileType = folder.assetcatalog; path = Assets.xcassets; sourceTree = "<group>"; };
		6E7961812B07C0CC00FA6609 /* Base */ = {isa = PBXFileReference; lastKnownFileType = file.storyboard; name = Base; path = Base.lproj/LaunchScreen.storyboard; sourceTree = "<group>"; };
		6E7961832B07C0CC00FA6609 /* Info.plist */ = {isa = PBXFileReference; lastKnownFileType = text.plist.xml; path = Info.plist; sourceTree = "<group>"; };
		6E7961882B07C0CC00FA6609 /* KeyboardKetTests.xctest */ = {isa = PBXFileReference; explicitFileType = wrapper.cfbundle; includeInIndex = 0; path = KeyboardKetTests.xctest; sourceTree = BUILT_PRODUCTS_DIR; };
		6E79618C2B07C0CC00FA6609 /* KeyboardKetTests.swift */ = {isa = PBXFileReference; lastKnownFileType = sourcecode.swift; path = KeyboardKetTests.swift; sourceTree = "<group>"; };
		6E7961922B07C0CC00FA6609 /* KeyboardKetUITests.xctest */ = {isa = PBXFileReference; explicitFileType = wrapper.cfbundle; includeInIndex = 0; path = KeyboardKetUITests.xctest; sourceTree = BUILT_PRODUCTS_DIR; };
		6E7961962B07C0CC00FA6609 /* KeyboardKetUITests.swift */ = {isa = PBXFileReference; lastKnownFileType = sourcecode.swift; path = KeyboardKetUITests.swift; sourceTree = "<group>"; };
		6E7961982B07C0CC00FA6609 /* KeyboardKetUITestsLaunchTests.swift */ = {isa = PBXFileReference; lastKnownFileType = sourcecode.swift; path = KeyboardKetUITestsLaunchTests.swift; sourceTree = "<group>"; };
/* End PBXFileReference section */

/* Begin PBXFrameworksBuildPhase section */
		6E79616F2B07C0CA00FA6609 /* Frameworks */ = {
			isa = PBXFrameworksBuildPhase;
			buildActionMask = 2147483647;
			files = (
			);
			runOnlyForDeploymentPostprocessing = 0;
		};
		6E7961852B07C0CC00FA6609 /* Frameworks */ = {
			isa = PBXFrameworksBuildPhase;
			buildActionMask = 2147483647;
			files = (
			);
			runOnlyForDeploymentPostprocessing = 0;
		};
		6E79618F2B07C0CC00FA6609 /* Frameworks */ = {
			isa = PBXFrameworksBuildPhase;
			buildActionMask = 2147483647;
			files = (
			);
			runOnlyForDeploymentPostprocessing = 0;
		};
/* End PBXFrameworksBuildPhase section */

/* Begin PBXGroup section */
		6E7961692B07C0CA00FA6609 = {
			isa = PBXGroup;
			children = (
				6E7961742B07C0CA00FA6609 /* KeyboardKet */,
				6E79618B2B07C0CC00FA6609 /* KeyboardKetTests */,
				6E7961952B07C0CC00FA6609 /* KeyboardKetUITests */,
				6E7961732B07C0CA00FA6609 /* Products */,
			);
			sourceTree = "<group>";
		};
		6E7961732B07C0CA00FA6609 /* Products */ = {
			isa = PBXGroup;
			children = (
				6E7961722B07C0CA00FA6609 /* KeyboardKet.app */,
				6E7961882B07C0CC00FA6609 /* KeyboardKetTests.xctest */,
				6E7961922B07C0CC00FA6609 /* KeyboardKetUITests.xctest */,
			);
			name = Products;
			sourceTree = "<group>";
		};
		6E7961742B07C0CA00FA6609 /* KeyboardKet */ = {
			isa = PBXGroup;
			children = (
				6E7961752B07C0CA00FA6609 /* AppDelegate.swift */,
				6E7961772B07C0CA00FA6609 /* SceneDelegate.swift */,
				6E7961792B07C0CA00FA6609 /* ViewController.swift */,
				6E79617B2B07C0CA00FA6609 /* Main.storyboard */,
				6E79617E2B07C0CC00FA6609 /* Assets.xcassets */,
				6E7961802B07C0CC00FA6609 /* LaunchScreen.storyboard */,
				6E7961832B07C0CC00FA6609 /* Info.plist */,
			);
			path = KeyboardKet;
			sourceTree = "<group>";
		};
		6E79618B2B07C0CC00FA6609 /* KeyboardKetTests */ = {
			isa = PBXGroup;
			children = (
				6E79618C2B07C0CC00FA6609 /* KeyboardKetTests.swift */,
			);
			path = KeyboardKetTests;
			sourceTree = "<group>";
		};
		6E7961952B07C0CC00FA6609 /* KeyboardKetUITests */ = {
			isa = PBXGroup;
			children = (
				6E7961962B07C0CC00FA6609 /* KeyboardKetUITests.swift */,
				6E7961982B07C0CC00FA6609 /* KeyboardKetUITestsLaunchTests.swift */,
			);
			path = KeyboardKetUITests;
			sourceTree = "<group>";
		};
/* End PBXGroup section */

/* Begin PBXNativeTarget section */
		6E7961712B07C0CA00FA6609 /* KeyboardKet */ = {
			isa = PBXNativeTarget;
			buildConfigurationList = 6E79619C2B07C0CC00FA6609 /* Build configuration list for PBXNativeTarget "KeyboardKet" */;
			buildPhases = (
				6E79616E2B07C0CA00FA6609 /* Sources */,
				6E79616F2B07C0CA00FA6609 /* Frameworks */,
				6E7961702B07C0CA00FA6609 /* Resources */,
			);
			buildRules = (
			);
			dependencies = (
			);
			name = KeyboardKet;
			productName = KeyboardKet;
			productReference = 6E7961722B07C0CA00FA6609 /* KeyboardKet.app */;
			productType = "com.apple.product-type.application";
		};
		6E7961872B07C0CC00FA6609 /* KeyboardKetTests */ = {
			isa = PBXNativeTarget;
			buildConfigurationList = 6E79619F2B07C0CC00FA6609 /* Build configuration list for PBXNativeTarget "KeyboardKetTests" */;
			buildPhases = (
				6E7961842B07C0CC00FA6609 /* Sources */,
				6E7961852B07C0CC00FA6609 /* Frameworks */,
				6E7961862B07C0CC00FA6609 /* Resources */,
			);
			buildRules = (
			);
			dependencies = (
				6E79618A2B07C0CC00FA6609 /* PBXTargetDependency */,
			);
			name = KeyboardKetTests;
			productName = KeyboardKetTests;
			productReference = 6E7961882B07C0CC00FA6609 /* KeyboardKetTests.xctest */;
			productType = "com.apple.product-type.bundle.unit-test";
		};
		6E7961912B07C0CC00FA6609 /* KeyboardKetUITests */ = {
			isa = PBXNativeTarget;
			buildConfigurationList = 6E7961A22B07C0CC00FA6609 /* Build configuration list for PBXNativeTarget "KeyboardKetUITests" */;
			buildPhases = (
				6E79618E2B07C0CC00FA6609 /* Sources */,
				6E79618F2B07C0CC00FA6609 /* Frameworks */,
				6E7961902B07C0CC00FA6609 /* Resources */,
			);
			buildRules = (
			);
			dependencies = (
				6E7961942B07C0CC00FA6609 /* PBXTargetDependency */,
			);
			name = KeyboardKetUITests;
			productName = KeyboardKetUITests;
			productReference = 6E7961922B07C0CC00FA6609 /* KeyboardKetUITests.xctest */;
			productType = "com.apple.product-type.bundle.ui-testing";
		};
/* End PBXNativeTarget section */

/* Begin PBXProject section */
		6E79616A2B07C0CA00FA6609 /* Project object */ = {
			isa = PBXProject;
			attributes = {
				BuildIndependentTargetsInParallel = 1;
				LastSwiftUpdateCheck = 1500;
				LastUpgradeCheck = 1500;
				TargetAttributes = {
					6E7961712B07C0CA00FA6609 = {
						CreatedOnToolsVersion = 15.0.1;
					};
					6E7961872B07C0CC00FA6609 = {
						CreatedOnToolsVersion = 15.0.1;
						TestTargetID = 6E7961712B07C0CA00FA6609;
					};
					6E7961912B07C0CC00FA6609 = {
						CreatedOnToolsVersion = 15.0.1;
						TestTargetID = 6E7961712B07C0CA00FA6609;
					};
				};
			};
			buildConfigurationList = 6E79616D2B07C0CA00FA6609 /* Build configuration list for PBXProject "KeyboardKet" */;
			compatibilityVersion = "Xcode 14.0";
			developmentRegion = en;
			hasScannedForEncodings = 0;
			knownRegions = (
				en,
				Base,
			);
			mainGroup = 6E7961692B07C0CA00FA6609;
			productRefGroup = 6E7961732B07C0CA00FA6609 /* Products */;
			projectDirPath = "";
			projectRoot = "";
			targets = (
				6E7961712B07C0CA00FA6609 /* KeyboardKet */,
				6E7961872B07C0CC00FA6609 /* KeyboardKetTests */,
				6E7961912B07C0CC00FA6609 /* KeyboardKetUITests */,
			);
		};
/* End PBXProject section */

/* Begin PBXResourcesBuildPhase section */
		6E7961702B07C0CA00FA6609 /* Resources */ = {
			isa = PBXResourcesBuildPhase;
			buildActionMask = 2147483647;
			files = (
				6E7961822B07C0CC00FA6609 /* LaunchScreen.storyboard in Resources */,
				6E79617F2B07C0CC00FA6609 /* Assets.xcassets in Resources */,
				6E79617D2B07C0CA00FA6609 /* Main.storyboard in Resources */,
			);
			runOnlyForDeploymentPostprocessing = 0;
		};
		6E7961862B07C0CC00FA6609 /* Resources */ = {
			isa = PBXResourcesBuildPhase;
			buildActionMask = 2147483647;
			files = (
			);
			runOnlyForDeploymentPostprocessing = 0;
		};
		6E7961902B07C0CC00FA6609 /* Resources */ = {
			isa = PBXResourcesBuildPhase;
			buildActionMask = 2147483647;
			files = (
			);
			runOnlyForDeploymentPostprocessing = 0;
		};
/* End PBXResourcesBuildPhase section */

/* Begin PBXSourcesBuildPhase section */
		6E79616E2B07C0CA00FA6609 /* Sources */ = {
			isa = PBXSourcesBuildPhase;
			buildActionMask = 2147483647;
			files = (
				6E79617A2B07C0CA00FA6609 /* ViewController.swift in Sources */,
				6E7961762B07C0CA00FA6609 /* AppDelegate.swift in Sources */,
				6E7961782B07C0CA00FA6609 /* SceneDelegate.swift in Sources */,
			);
			runOnlyForDeploymentPostprocessing = 0;
		};
		6E7961842B07C0CC00FA6609 /* Sources */ = {
			isa = PBXSourcesBuildPhase;
			buildActionMask = 2147483647;
			files = (
				6E79618D2B07C0CC00FA6609 /* KeyboardKetTests.swift in Sources */,
			);
			runOnlyForDeploymentPostprocessing = 0;
		};
		6E79618E2B07C0CC00FA6609 /* Sources */ = {
			isa = PBXSourcesBuildPhase;
			buildActionMask = 2147483647;
			files = (
				6E7961992B07C0CC00FA6609 /* KeyboardKetUITestsLaunchTests.swift in Sources */,
				6E7961972B07C0CC00FA6609 /* KeyboardKetUITests.swift in Sources */,
			);
			runOnlyForDeploymentPostprocessing = 0;
		};
/* End PBXSourcesBuildPhase section */

/* Begin PBXTargetDependency section */
		6E79618A2B07C0CC00FA6609 /* PBXTargetDependency */ = {
			isa = PBXTargetDependency;
			target = 6E7961712B07C0CA00FA6609 /* KeyboardKet */;
			targetProxy = 6E7961892B07C0CC00FA6609 /* PBXContainerItemProxy */;
		};
		6E7961942B07C0CC00FA6609 /* PBXTargetDependency */ = {
			isa = PBXTargetDependency;
			target = 6E7961712B07C0CA00FA6609 /* KeyboardKet */;
			targetProxy = 6E7961932B07C0CC00FA6609 /* PBXContainerItemProxy */;
		};
/* End PBXTargetDependency section */

/* Begin PBXVariantGroup section */
		6E79617B2B07C0CA00FA6609 /* Main.storyboard */ = {
			isa = PBXVariantGroup;
			children = (
				6E79617C2B07C0CA00FA6609 /* Base */,
			);
			name = Main.storyboard;
			sourceTree = "<group>";
		};
		6E7961802B07C0CC00FA6609 /* LaunchScreen.storyboard */ = {
			isa = PBXVariantGroup;
			children = (
				6E7961812B07C0CC00FA6609 /* Base */,
			);
			name = LaunchScreen.storyboard;
			sourceTree = "<group>";
		};
/* End PBXVariantGroup section */

/* Begin XCBuildConfiguration section */
		6E79619A2B07C0CC00FA6609 /* Debug */ = {
			isa = XCBuildConfiguration;
			buildSettings = {
				ALWAYS_SEARCH_USER_PATHS = NO;
				ASSETCATALOG_COMPILER_GENERATE_SWIFT_ASSET_SYMBOL_EXTENSIONS = YES;
				CLANG_ANALYZER_NONNULL = YES;
				CLANG_ANALYZER_NUMBER_OBJECT_CONVERSION = YES_AGGRESSIVE;
				CLANG_CXX_LANGUAGE_STANDARD = "gnu++20";
				CLANG_ENABLE_MODULES = YES;
				CLANG_ENABLE_OBJC_ARC = YES;
				CLANG_ENABLE_OBJC_WEAK = YES;
				CLANG_WARN_BLOCK_CAPTURE_AUTORELEASING = YES;
				CLANG_WARN_BOOL_CONVERSION = YES;
				CLANG_WARN_COMMA = YES;
				CLANG_WARN_CONSTANT_CONVERSION = YES;
				CLANG_WARN_DEPRECATED_OBJC_IMPLEMENTATIONS = YES;
				CLANG_WARN_DIRECT_OBJC_ISA_USAGE = YES_ERROR;
				CLANG_WARN_DOCUMENTATION_COMMENTS = YES;
				CLANG_WARN_EMPTY_BODY = YES;
				CLANG_WARN_ENUM_CONVERSION = YES;
				CLANG_WARN_INFINITE_RECURSION = YES;
				CLANG_WARN_INT_CONVERSION = YES;
				CLANG_WARN_NON_LITERAL_NULL_CONVERSION = YES;
				CLANG_WARN_OBJC_IMPLICIT_RETAIN_SELF = YES;
				CLANG_WARN_OBJC_LITERAL_CONVERSION = YES;
				CLANG_WARN_OBJC_ROOT_CLASS = YES_ERROR;
				CLANG_WARN_QUOTED_INCLUDE_IN_FRAMEWORK_HEADER = YES;
				CLANG_WARN_RANGE_LOOP_ANALYSIS = YES;
				CLANG_WARN_STRICT_PROTOTYPES = YES;
				CLANG_WARN_SUSPICIOUS_MOVE = YES;
				CLANG_WARN_UNGUARDED_AVAILABILITY = YES_AGGRESSIVE;
				CLANG_WARN_UNREACHABLE_CODE = YES;
				CLANG_WARN__DUPLICATE_METHOD_MATCH = YES;
				COPY_PHASE_STRIP = NO;
				DEBUG_INFORMATION_FORMAT = dwarf;
				ENABLE_STRICT_OBJC_MSGSEND = YES;
				ENABLE_TESTABILITY = YES;
				ENABLE_USER_SCRIPT_SANDBOXING = YES;
				GCC_C_LANGUAGE_STANDARD = gnu17;
				GCC_DYNAMIC_NO_PIC = NO;
				GCC_NO_COMMON_BLOCKS = YES;
				GCC_OPTIMIZATION_LEVEL = 0;
				GCC_PREPROCESSOR_DEFINITIONS = (
					"DEBUG=1",
					"$(inherited)",
				);
				GCC_WARN_64_TO_32_BIT_CONVERSION = YES;
				GCC_WARN_ABOUT_RETURN_TYPE = YES_ERROR;
				GCC_WARN_UNDECLARED_SELECTOR = YES;
				GCC_WARN_UNINITIALIZED_AUTOS = YES_AGGRESSIVE;
				GCC_WARN_UNUSED_FUNCTION = YES;
				GCC_WARN_UNUSED_VARIABLE = YES;
				IPHONEOS_DEPLOYMENT_TARGET = 14.0;
				LOCALIZATION_PREFERS_STRING_CATALOGS = YES;
				MTL_ENABLE_DEBUG_INFO = INCLUDE_SOURCE;
				MTL_FAST_MATH = YES;
				ONLY_ACTIVE_ARCH = YES;
				SDKROOT = iphoneos;
				SWIFT_ACTIVE_COMPILATION_CONDITIONS = "DEBUG $(inherited)";
				SWIFT_OPTIMIZATION_LEVEL = "-Onone";
			};
			name = Debug;
		};
		6E79619B2B07C0CC00FA6609 /* Release */ = {
			isa = XCBuildConfiguration;
			buildSettings = {
				ALWAYS_SEARCH_USER_PATHS = NO;
				ASSETCATALOG_COMPILER_GENERATE_SWIFT_ASSET_SYMBOL_EXTENSIONS = YES;
				CLANG_ANALYZER_NONNULL = YES;
				CLANG_ANALYZER_NUMBER_OBJECT_CONVERSION = YES_AGGRESSIVE;
				CLANG_CXX_LANGUAGE_STANDARD = "gnu++20";
				CLANG_ENABLE_MODULES = YES;
				CLANG_ENABLE_OBJC_ARC = YES;
				CLANG_ENABLE_OBJC_WEAK = YES;
				CLANG_WARN_BLOCK_CAPTURE_AUTORELEASING = YES;
				CLANG_WARN_BOOL_CONVERSION = YES;
				CLANG_WARN_COMMA = YES;
				CLANG_WARN_CONSTANT_CONVERSION = YES;
				CLANG_WARN_DEPRECATED_OBJC_IMPLEMENTATIONS = YES;
				CLANG_WARN_DIRECT_OBJC_ISA_USAGE = YES_ERROR;
				CLANG_WARN_DOCUMENTATION_COMMENTS = YES;
				CLANG_WARN_EMPTY_BODY = YES;
				CLANG_WARN_ENUM_CONVERSION = YES;
				CLANG_WARN_INFINITE_RECURSION = YES;
				CLANG_WARN_INT_CONVERSION = YES;
				CLANG_WARN_NON_LITERAL_NULL_CONVERSION = YES;
				CLANG_WARN_OBJC_IMPLICIT_RETAIN_SELF = YES;
				CLANG_WARN_OBJC_LITERAL_CONVERSION = YES;
				CLANG_WARN_OBJC_ROOT_CLASS = YES_ERROR;
				CLANG_WARN_QUOTED_INCLUDE_IN_FRAMEWORK_HEADER = YES;
				CLANG_WARN_RANGE_LOOP_ANALYSIS = YES;
				CLANG_WARN_STRICT_PROTOTYPES = YES;
				CLANG_WARN_SUSPICIOUS_MOVE = YES;
				CLANG_WARN_UNGUARDED_AVAILABILITY = YES_AGGRESSIVE;
				CLANG_WARN_UNREACHABLE_CODE = YES;
				CLANG_WARN__DUPLICATE_METHOD_MATCH = YES;
				COPY_PHASE_STRIP = NO;
				DEBUG_INFORMATION_FORMAT = "dwarf-with-dsym";
				ENABLE_NS_ASSERTIONS = NO;
				ENABLE_STRICT_OBJC_MSGSEND = YES;
				ENABLE_USER_SCRIPT_SANDBOXING = YES;
				GCC_C_LANGUAGE_STANDARD = gnu17;
				GCC_NO_COMMON_BLOCKS = YES;
				GCC_WARN_64_TO_32_BIT_CONVERSION = YES;
				GCC_WARN_ABOUT_RETURN_TYPE = YES_ERROR;
				GCC_WARN_UNDECLARED_SELECTOR = YES;
				GCC_WARN_UNINITIALIZED_AUTOS = YES_AGGRESSIVE;
				GCC_WARN_UNUSED_FUNCTION = YES;
				GCC_WARN_UNUSED_VARIABLE = YES;
				IPHONEOS_DEPLOYMENT_TARGET = 14.0;
				LOCALIZATION_PREFERS_STRING_CATALOGS = YES;
				MTL_ENABLE_DEBUG_INFO = NO;
				MTL_FAST_MATH = YES;
				SDKROOT = iphoneos;
				SWIFT_COMPILATION_MODE = wholemodule;
				VALIDATE_PRODUCT = YES;
			};
			name = Release;
		};
		6E79619D2B07C0CC00FA6609 /* Debug */ = {
			isa = XCBuildConfiguration;
			buildSettings = {
				ASSETCATALOG_COMPILER_APPICON_NAME = AppIcon;
				ASSETCATALOG_COMPILER_GLOBAL_ACCENT_COLOR_NAME = AccentColor;
				CODE_SIGN_STYLE = Automatic;
				CURRENT_PROJECT_VERSION = 1;
				DEVELOPMENT_TEAM = 75QZ7682T2;
				GENERATE_INFOPLIST_FILE = YES;
				INFOPLIST_FILE = KeyboardKet/Info.plist;
				INFOPLIST_KEY_UIApplicationSupportsIndirectInputEvents = YES;
				INFOPLIST_KEY_UILaunchStoryboardName = LaunchScreen;
				INFOPLIST_KEY_UIMainStoryboardFile = Main;
				INFOPLIST_KEY_UISupportedInterfaceOrientations_iPad = "UIInterfaceOrientationPortrait UIInterfaceOrientationPortraitUpsideDown UIInterfaceOrientationLandscapeLeft UIInterfaceOrientationLandscapeRight";
				INFOPLIST_KEY_UISupportedInterfaceOrientations_iPhone = "UIInterfaceOrientationPortrait UIInterfaceOrientationLandscapeLeft UIInterfaceOrientationLandscapeRight";
				LD_RUNPATH_SEARCH_PATHS = (
					"$(inherited)",
					"@executable_path/Frameworks",
				);
				MARKETING_VERSION = 1.0;
				PRODUCT_BUNDLE_IDENTIFIER = com.KeyboardKet;
				PRODUCT_NAME = "$(TARGET_NAME)";
				SWIFT_EMIT_LOC_STRINGS = YES;
				SWIFT_VERSION = 5.0;
				TARGETED_DEVICE_FAMILY = "1,2";
			};
			name = Debug;
		};
		6E79619E2B07C0CC00FA6609 /* Release */ = {
			isa = XCBuildConfiguration;
			buildSettings = {
				ASSETCATALOG_COMPILER_APPICON_NAME = AppIcon;
				ASSETCATALOG_COMPILER_GLOBAL_ACCENT_COLOR_NAME = AccentColor;
				CODE_SIGN_STYLE = Automatic;
				CURRENT_PROJECT_VERSION = 1;
				DEVELOPMENT_TEAM = 75QZ7682T2;
				GENERATE_INFOPLIST_FILE = YES;
				INFOPLIST_FILE = KeyboardKet/Info.plist;
				INFOPLIST_KEY_UIApplicationSupportsIndirectInputEvents = YES;
				INFOPLIST_KEY_UILaunchStoryboardName = LaunchScreen;
				INFOPLIST_KEY_UIMainStoryboardFile = Main;
				INFOPLIST_KEY_UISupportedInterfaceOrientations_iPad = "UIInterfaceOrientationPortrait UIInterfaceOrientationPortraitUpsideDown UIInterfaceOrientationLandscapeLeft UIInterfaceOrientationLandscapeRight";
				INFOPLIST_KEY_UISupportedInterfaceOrientations_iPhone = "UIInterfaceOrientationPortrait UIInterfaceOrientationLandscapeLeft UIInterfaceOrientationLandscapeRight";
				LD_RUNPATH_SEARCH_PATHS = (
					"$(inherited)",
					"@executable_path/Frameworks",
				);
				MARKETING_VERSION = 1.0;
				PRODUCT_BUNDLE_IDENTIFIER = com.KeyboardKet;
				PRODUCT_NAME = "$(TARGET_NAME)";
				SWIFT_EMIT_LOC_STRINGS = YES;
				SWIFT_VERSION = 5.0;
				TARGETED_DEVICE_FAMILY = "1,2";
			};
			name = Release;
		};
		6E7961A02B07C0CC00FA6609 /* Debug */ = {
			isa = XCBuildConfiguration;
			buildSettings = {
				ALWAYS_EMBED_SWIFT_STANDARD_LIBRARIES = YES;
				BUNDLE_LOADER = "$(TEST_HOST)";
				CODE_SIGN_STYLE = Automatic;
				CURRENT_PROJECT_VERSION = 1;
				DEVELOPMENT_TEAM = 75QZ7682T2;
				GENERATE_INFOPLIST_FILE = YES;
				IPHONEOS_DEPLOYMENT_TARGET = 14.0;
				MARKETING_VERSION = 1.0;
				PRODUCT_BUNDLE_IDENTIFIER = com.KeyboardKetTests;
				PRODUCT_NAME = "$(TARGET_NAME)";
				SWIFT_EMIT_LOC_STRINGS = NO;
				SWIFT_VERSION = 5.0;
				TARGETED_DEVICE_FAMILY = "1,2";
				TEST_HOST = "$(BUILT_PRODUCTS_DIR)/KeyboardKet.app/$(BUNDLE_EXECUTABLE_FOLDER_PATH)/KeyboardKet";
			};
			name = Debug;
		};
		6E7961A12B07C0CC00FA6609 /* Release */ = {
			isa = XCBuildConfiguration;
			buildSettings = {
				ALWAYS_EMBED_SWIFT_STANDARD_LIBRARIES = YES;
				BUNDLE_LOADER = "$(TEST_HOST)";
				CODE_SIGN_STYLE = Automatic;
				CURRENT_PROJECT_VERSION = 1;
				DEVELOPMENT_TEAM = 75QZ7682T2;
				GENERATE_INFOPLIST_FILE = YES;
				IPHONEOS_DEPLOYMENT_TARGET = 14.0;
				MARKETING_VERSION = 1.0;
				PRODUCT_BUNDLE_IDENTIFIER = com.KeyboardKetTests;
				PRODUCT_NAME = "$(TARGET_NAME)";
				SWIFT_EMIT_LOC_STRINGS = NO;
				SWIFT_VERSION = 5.0;
				TARGETED_DEVICE_FAMILY = "1,2";
				TEST_HOST = "$(BUILT_PRODUCTS_DIR)/KeyboardKet.app/$(BUNDLE_EXECUTABLE_FOLDER_PATH)/KeyboardKet";
			};
			name = Release;
		};
		6E7961A32B07C0CC00FA6609 /* Debug */ = {
			isa = XCBuildConfiguration;
			buildSettings = {
				ALWAYS_EMBED_SWIFT_STANDARD_LIBRARIES = YES;
				CODE_SIGN_STYLE = Automatic;
				CURRENT_PROJECT_VERSION = 1;
				DEVELOPMENT_TEAM = 75QZ7682T2;
				GENERATE_INFOPLIST_FILE = YES;
				IPHONEOS_DEPLOYMENT_TARGET = 14.0;
				MARKETING_VERSION = 1.0;
				PRODUCT_BUNDLE_IDENTIFIER = com.KeyboardKetUITests;
				PRODUCT_NAME = "$(TARGET_NAME)";
				SWIFT_EMIT_LOC_STRINGS = NO;
				SWIFT_VERSION = 5.0;
				TARGETED_DEVICE_FAMILY = "1,2";
				TEST_TARGET_NAME = KeyboardKet;
			};
			name = Debug;
		};
		6E7961A42B07C0CC00FA6609 /* Release */ = {
			isa = XCBuildConfiguration;
			buildSettings = {
				ALWAYS_EMBED_SWIFT_STANDARD_LIBRARIES = YES;
				CODE_SIGN_STYLE = Automatic;
				CURRENT_PROJECT_VERSION = 1;
				DEVELOPMENT_TEAM = 75QZ7682T2;
				GENERATE_INFOPLIST_FILE = YES;
				IPHONEOS_DEPLOYMENT_TARGET = 14.0;
				MARKETING_VERSION = 1.0;
				PRODUCT_BUNDLE_IDENTIFIER = com.KeyboardKetUITests;
				PRODUCT_NAME = "$(TARGET_NAME)";
				SWIFT_EMIT_LOC_STRINGS = NO;
				SWIFT_VERSION = 5.0;
				TARGETED_DEVICE_FAMILY = "1,2";
				TEST_TARGET_NAME = KeyboardKet;
			};
			name = Release;
		};
/* End XCBuildConfiguration section */

/* Begin XCConfigurationList section */
		6E79616D2B07C0CA00FA6609 /* Build configuration list for PBXProject "KeyboardKet" */ = {
			isa = XCConfigurationList;
			buildConfigurations = (
				6E79619A2B07C0CC00FA6609 /* Debug */,
				6E79619B2B07C0CC00FA6609 /* Release */,
			);
			defaultConfigurationIsVisible = 0;
			defaultConfigurationName = Release;
		};
		6E79619C2B07C0CC00FA6609 /* Build configuration list for PBXNativeTarget "KeyboardKet" */ = {
			isa = XCConfigurationList;
			buildConfigurations = (
				6E79619D2B07C0CC00FA6609 /* Debug */,
				6E79619E2B07C0CC00FA6609 /* Release */,
			);
			defaultConfigurationIsVisible = 0;
			defaultConfigurationName = Release;
		};
		6E79619F2B07C0CC00FA6609 /* Build configuration list for PBXNativeTarget "KeyboardKetTests" */ = {
			isa = XCConfigurationList;
			buildConfigurations = (
				6E7961A02B07C0CC00FA6609 /* Debug */,
				6E7961A12B07C0CC00FA6609 /* Release */,
			);
			defaultConfigurationIsVisible = 0;
			defaultConfigurationName = Release;
		};
		6E7961A22B07C0CC00FA6609 /* Build configuration list for PBXNativeTarget "KeyboardKetUITests" */ = {
			isa = XCConfigurationList;
			buildConfigurations = (
				6E7961A32B07C0CC00FA6609 /* Debug */,
				6E7961A42B07C0CC00FA6609 /* Release */,
			);
			defaultConfigurationIsVisible = 0;
			defaultConfigurationName = Release;
		};
/* End XCConfigurationList section */
	};
	rootObject = 6E79616A2B07C0CA00FA6609 /* Project object */;
}
