// !$*UTF8*$!
{
	archiveVersion = 1;
	classes = {
	};
	objectVersion = 56;
	objects = {

/* Begin PBXBuildFile section */
		6E11E8552B0E62560042FC91 /* AppError.swift in Sources */ = {isa = PBXBuildFile; fileRef = 6E11E8542B0E62560042FC91 /* AppError.swift */; };
		6E11E8572B0E62950042FC91 /* DTOError.swift in Sources */ = {isa = PBXBuildFile; fileRef = 6E11E8562B0E62950042FC91 /* DTOError.swift */; };
		6E11E85A2B0E69230042FC91 /* ModelError.swift in Sources */ = {isa = PBXBuildFile; fileRef = 6E11E8592B0E69230042FC91 /* ModelError.swift */; };
		6E11E85C2B0E6C500042FC91 /* ReviewDTO.swift in Sources */ = {isa = PBXBuildFile; fileRef = 6E11E85B2B0E6C500042FC91 /* ReviewDTO.swift */; };
		6E11E85E2B0E79AD0042FC91 /* Review.swift in Sources */ = {isa = PBXBuildFile; fileRef = 6E11E85D2B0E79AD0042FC91 /* Review.swift */; };
		6E5AF7992B0CFC6D007F8B6E /* PresenterDefault.swift in Sources */ = {isa = PBXBuildFile; fileRef = 6E5AF7982B0CFC6D007F8B6E /* PresenterDefault.swift */; };
		6E5AF79B2B0CFC74007F8B6E /* UtilityDefault.swift in Sources */ = {isa = PBXBuildFile; fileRef = 6E5AF79A2B0CFC74007F8B6E /* UtilityDefault.swift */; };
		6E5AF7A12B0D1FAF007F8B6E /* DTO.swift in Sources */ = {isa = PBXBuildFile; fileRef = 6E5AF7A02B0D1FAF007F8B6E /* DTO.swift */; };
		6E5AF7A52B0D1FF7007F8B6E /* Model.swift in Sources */ = {isa = PBXBuildFile; fileRef = 6E5AF7A42B0D1FF7007F8B6E /* Model.swift */; };
		6E5AF7A72B0D22B8007F8B6E /* PostDTO.swift in Sources */ = {isa = PBXBuildFile; fileRef = 6E5AF7A62B0D22B8007F8B6E /* PostDTO.swift */; };
		6E5AF7A92B0D2C8B007F8B6E /* Post.swift in Sources */ = {isa = PBXBuildFile; fileRef = 6E5AF7A82B0D2C8B007F8B6E /* Post.swift */; };
		6E5AF7AB2B0DC12B007F8B6E /* UserDTO.swift in Sources */ = {isa = PBXBuildFile; fileRef = 6E5AF7AA2B0DC12B007F8B6E /* UserDTO.swift */; };
		6E7961762B07C0CA00FA6609 /* AppDelegate.swift in Sources */ = {isa = PBXBuildFile; fileRef = 6E7961752B07C0CA00FA6609 /* AppDelegate.swift */; };
		6E7961782B07C0CA00FA6609 /* SceneDelegate.swift in Sources */ = {isa = PBXBuildFile; fileRef = 6E7961772B07C0CA00FA6609 /* SceneDelegate.swift */; };
		6E79617A2B07C0CA00FA6609 /* ViewController.swift in Sources */ = {isa = PBXBuildFile; fileRef = 6E7961792B07C0CA00FA6609 /* ViewController.swift */; };
		6E79617F2B07C0CC00FA6609 /* Assets.xcassets in Resources */ = {isa = PBXBuildFile; fileRef = 6E79617E2B07C0CC00FA6609 /* Assets.xcassets */; };
		6E79618D2B07C0CC00FA6609 /* KeyboardKetTests.swift in Sources */ = {isa = PBXBuildFile; fileRef = 6E79618C2B07C0CC00FA6609 /* KeyboardKetTests.swift */; };
		6E7961972B07C0CC00FA6609 /* KeyboardKetUITests.swift in Sources */ = {isa = PBXBuildFile; fileRef = 6E7961962B07C0CC00FA6609 /* KeyboardKetUITests.swift */; };
		6E7961992B07C0CC00FA6609 /* KeyboardKetUITestsLaunchTests.swift in Sources */ = {isa = PBXBuildFile; fileRef = 6E7961982B07C0CC00FA6609 /* KeyboardKetUITestsLaunchTests.swift */; };
		6E7FCD472B10DFD900FBDF2B /* Core.h in Headers */ = {isa = PBXBuildFile; fileRef = 6E7FCD462B10DFD900FBDF2B /* Core.h */; settings = {ATTRIBUTES = (Public, ); }; };
		6E7FCD4A2B10DFD900FBDF2B /* Core.framework in Frameworks */ = {isa = PBXBuildFile; fileRef = 6E7FCD442B10DFD900FBDF2B /* Core.framework */; };
		6E7FCD4B2B10DFD900FBDF2B /* Core.framework in Embed Frameworks */ = {isa = PBXBuildFile; fileRef = 6E7FCD442B10DFD900FBDF2B /* Core.framework */; settings = {ATTRIBUTES = (CodeSignOnCopy, RemoveHeadersOnCopy, ); }; };
		6E7FCD582B10E02600FBDF2B /* Common.h in Headers */ = {isa = PBXBuildFile; fileRef = 6E7FCD572B10E02600FBDF2B /* Common.h */; settings = {ATTRIBUTES = (Public, ); }; };
		6E7FCD5B2B10E02600FBDF2B /* Common.framework in Frameworks */ = {isa = PBXBuildFile; fileRef = 6E7FCD552B10E02600FBDF2B /* Common.framework */; };
		6E7FCD5C2B10E02600FBDF2B /* Common.framework in Embed Frameworks */ = {isa = PBXBuildFile; fileRef = 6E7FCD552B10E02600FBDF2B /* Common.framework */; settings = {ATTRIBUTES = (CodeSignOnCopy, RemoveHeadersOnCopy, ); }; };
		6E7FCD682B10E0A500FBDF2B /* UI.h in Headers */ = {isa = PBXBuildFile; fileRef = 6E7FCD672B10E0A500FBDF2B /* UI.h */; settings = {ATTRIBUTES = (Public, ); }; };
		6E7FCD6B2B10E0A500FBDF2B /* UI.framework in Frameworks */ = {isa = PBXBuildFile; fileRef = 6E7FCD652B10E0A500FBDF2B /* UI.framework */; };
		6E7FCD6C2B10E0A500FBDF2B /* UI.framework in Embed Frameworks */ = {isa = PBXBuildFile; fileRef = 6E7FCD652B10E0A500FBDF2B /* UI.framework */; settings = {ATTRIBUTES = (CodeSignOnCopy, RemoveHeadersOnCopy, ); }; };
		6E7FCD882B10F1CC00FBDF2B /* AuthDomain.h in Headers */ = {isa = PBXBuildFile; fileRef = 6E7FCD872B10F1CC00FBDF2B /* AuthDomain.h */; settings = {ATTRIBUTES = (Public, ); }; };
		6E7FCD8B2B10F1CC00FBDF2B /* AuthDomain.framework in Frameworks */ = {isa = PBXBuildFile; fileRef = 6E7FCD852B10F1CC00FBDF2B /* AuthDomain.framework */; };
		6E7FCD8C2B10F1CC00FBDF2B /* AuthDomain.framework in Embed Frameworks */ = {isa = PBXBuildFile; fileRef = 6E7FCD852B10F1CC00FBDF2B /* AuthDomain.framework */; settings = {ATTRIBUTES = (CodeSignOnCopy, RemoveHeadersOnCopy, ); }; };
		6E7FCD982B10FBA900FBDF2B /* PostDomain.h in Headers */ = {isa = PBXBuildFile; fileRef = 6E7FCD972B10FBA900FBDF2B /* PostDomain.h */; settings = {ATTRIBUTES = (Public, ); }; };
		6E7FCD9B2B10FBA900FBDF2B /* PostDomain.framework in Frameworks */ = {isa = PBXBuildFile; fileRef = 6E7FCD952B10FBA800FBDF2B /* PostDomain.framework */; };
		6E7FCD9C2B10FBA900FBDF2B /* PostDomain.framework in Embed Frameworks */ = {isa = PBXBuildFile; fileRef = 6E7FCD952B10FBA800FBDF2B /* PostDomain.framework */; settings = {ATTRIBUTES = (CodeSignOnCopy, RemoveHeadersOnCopy, ); }; };
		6E7FCDA82B11004000FBDF2B /* FirestoreService.h in Headers */ = {isa = PBXBuildFile; fileRef = 6E7FCDA72B11004000FBDF2B /* FirestoreService.h */; settings = {ATTRIBUTES = (Public, ); }; };
		6E7FCDAB2B11004000FBDF2B /* FirestoreService.framework in Frameworks */ = {isa = PBXBuildFile; fileRef = 6E7FCDA52B11004000FBDF2B /* FirestoreService.framework */; };
		6E7FCDAC2B11004000FBDF2B /* FirestoreService.framework in Embed Frameworks */ = {isa = PBXBuildFile; fileRef = 6E7FCDA52B11004000FBDF2B /* FirestoreService.framework */; settings = {ATTRIBUTES = (CodeSignOnCopy, RemoveHeadersOnCopy, ); }; };
		6E7FCDB82B11025F00FBDF2B /* AuthFeature.h in Headers */ = {isa = PBXBuildFile; fileRef = 6E7FCDB72B11025F00FBDF2B /* AuthFeature.h */; settings = {ATTRIBUTES = (Public, ); }; };
		6E7FCDBB2B11026000FBDF2B /* AuthFeature.framework in Frameworks */ = {isa = PBXBuildFile; fileRef = 6E7FCDB52B11025F00FBDF2B /* AuthFeature.framework */; };
		6E7FCDBC2B11026000FBDF2B /* AuthFeature.framework in Embed Frameworks */ = {isa = PBXBuildFile; fileRef = 6E7FCDB52B11025F00FBDF2B /* AuthFeature.framework */; settings = {ATTRIBUTES = (CodeSignOnCopy, RemoveHeadersOnCopy, ); }; };
		6E7FCDC82B11027E00FBDF2B /* PostFeature.h in Headers */ = {isa = PBXBuildFile; fileRef = 6E7FCDC72B11027E00FBDF2B /* PostFeature.h */; settings = {ATTRIBUTES = (Public, ); }; };
		6E7FCDCB2B11027E00FBDF2B /* PostFeature.framework in Frameworks */ = {isa = PBXBuildFile; fileRef = 6E7FCDC52B11027E00FBDF2B /* PostFeature.framework */; };
		6E7FCDCC2B11027E00FBDF2B /* PostFeature.framework in Embed Frameworks */ = {isa = PBXBuildFile; fileRef = 6E7FCDC52B11027E00FBDF2B /* PostFeature.framework */; settings = {ATTRIBUTES = (CodeSignOnCopy, RemoveHeadersOnCopy, ); }; };
		6E7FCDD82B11044400FBDF2B /* Data.h in Headers */ = {isa = PBXBuildFile; fileRef = 6E7FCDD72B11044400FBDF2B /* Data.h */; settings = {ATTRIBUTES = (Public, ); }; };
		6E7FCDDB2B11044400FBDF2B /* Data.framework in Frameworks */ = {isa = PBXBuildFile; fileRef = 6E7FCDD52B11044300FBDF2B /* Data.framework */; };
		6E7FCDDC2B11044400FBDF2B /* Data.framework in Embed Frameworks */ = {isa = PBXBuildFile; fileRef = 6E7FCDD52B11044300FBDF2B /* Data.framework */; settings = {ATTRIBUTES = (CodeSignOnCopy, RemoveHeadersOnCopy, ); }; };
		6E7FCDE92B1107DB00FBDF2B /* DomainCore.h in Headers */ = {isa = PBXBuildFile; fileRef = 6E7FCDE82B1107DB00FBDF2B /* DomainCore.h */; settings = {ATTRIBUTES = (Public, ); }; };
		6E7FCDEC2B1107DB00FBDF2B /* DomainCore.framework in Frameworks */ = {isa = PBXBuildFile; fileRef = 6E7FCDE62B1107DB00FBDF2B /* DomainCore.framework */; };
		6E7FCDED2B1107DB00FBDF2B /* DomainCore.framework in Embed Frameworks */ = {isa = PBXBuildFile; fileRef = 6E7FCDE62B1107DB00FBDF2B /* DomainCore.framework */; settings = {ATTRIBUTES = (CodeSignOnCopy, RemoveHeadersOnCopy, ); }; };
		6EC661E82B1383BC00E1BC7B /* UserDomain.h in Headers */ = {isa = PBXBuildFile; fileRef = 6EC661E72B1383BC00E1BC7B /* UserDomain.h */; settings = {ATTRIBUTES = (Public, ); }; };
		6EC661EB2B1383BC00E1BC7B /* UserDomain.framework in Frameworks */ = {isa = PBXBuildFile; fileRef = 6EC661E52B1383BC00E1BC7B /* UserDomain.framework */; };
		6EC661EC2B1383BC00E1BC7B /* UserDomain.framework in Embed Frameworks */ = {isa = PBXBuildFile; fileRef = 6EC661E52B1383BC00E1BC7B /* UserDomain.framework */; settings = {ATTRIBUTES = (CodeSignOnCopy, RemoveHeadersOnCopy, ); }; };
		6ECA4BCA2B0E4BDD0041E90C /* User.swift in Sources */ = {isa = PBXBuildFile; fileRef = 6ECA4BC92B0E4BDD0041E90C /* User.swift */; };
/* End PBXBuildFile section */

/* Begin PBXContainerItemProxy section */
		6E7961892B07C0CC00FA6609 /* PBXContainerItemProxy */ = {
			isa = PBXContainerItemProxy;
			containerPortal = 6E79616A2B07C0CA00FA6609 /* Project object */;
			proxyType = 1;
			remoteGlobalIDString = 6E7961712B07C0CA00FA6609;
			remoteInfo = KeyboardKet;
		};
		6E7961932B07C0CC00FA6609 /* PBXContainerItemProxy */ = {
			isa = PBXContainerItemProxy;
			containerPortal = 6E79616A2B07C0CA00FA6609 /* Project object */;
			proxyType = 1;
			remoteGlobalIDString = 6E7961712B07C0CA00FA6609;
			remoteInfo = KeyboardKet;
		};
		6E7FCD482B10DFD900FBDF2B /* PBXContainerItemProxy */ = {
			isa = PBXContainerItemProxy;
			containerPortal = 6E79616A2B07C0CA00FA6609 /* Project object */;
			proxyType = 1;
			remoteGlobalIDString = 6E7FCD432B10DFD900FBDF2B;
			remoteInfo = Core;
		};
		6E7FCD592B10E02600FBDF2B /* PBXContainerItemProxy */ = {
			isa = PBXContainerItemProxy;
			containerPortal = 6E79616A2B07C0CA00FA6609 /* Project object */;
			proxyType = 1;
			remoteGlobalIDString = 6E7FCD542B10E02600FBDF2B;
			remoteInfo = Common;
		};
		6E7FCD692B10E0A500FBDF2B /* PBXContainerItemProxy */ = {
			isa = PBXContainerItemProxy;
			containerPortal = 6E79616A2B07C0CA00FA6609 /* Project object */;
			proxyType = 1;
			remoteGlobalIDString = 6E7FCD642B10E0A500FBDF2B;
			remoteInfo = UI;
		};
		6E7FCD892B10F1CC00FBDF2B /* PBXContainerItemProxy */ = {
			isa = PBXContainerItemProxy;
			containerPortal = 6E79616A2B07C0CA00FA6609 /* Project object */;
			proxyType = 1;
			remoteGlobalIDString = 6E7FCD842B10F1CC00FBDF2B;
			remoteInfo = AuthDomain;
		};
		6E7FCD992B10FBA900FBDF2B /* PBXContainerItemProxy */ = {
			isa = PBXContainerItemProxy;
			containerPortal = 6E79616A2B07C0CA00FA6609 /* Project object */;
			proxyType = 1;
			remoteGlobalIDString = 6E7FCD942B10FBA800FBDF2B;
			remoteInfo = PostDomain;
		};
		6E7FCDA92B11004000FBDF2B /* PBXContainerItemProxy */ = {
			isa = PBXContainerItemProxy;
			containerPortal = 6E79616A2B07C0CA00FA6609 /* Project object */;
			proxyType = 1;
			remoteGlobalIDString = 6E7FCDA42B11004000FBDF2B;
			remoteInfo = FirestoreService;
		};
		6E7FCDB92B11026000FBDF2B /* PBXContainerItemProxy */ = {
			isa = PBXContainerItemProxy;
			containerPortal = 6E79616A2B07C0CA00FA6609 /* Project object */;
			proxyType = 1;
			remoteGlobalIDString = 6E7FCDB42B11025F00FBDF2B;
			remoteInfo = AuthFeature;
		};
		6E7FCDC92B11027E00FBDF2B /* PBXContainerItemProxy */ = {
			isa = PBXContainerItemProxy;
			containerPortal = 6E79616A2B07C0CA00FA6609 /* Project object */;
			proxyType = 1;
			remoteGlobalIDString = 6E7FCDC42B11027E00FBDF2B;
			remoteInfo = PostFeature;
		};
		6E7FCDD92B11044400FBDF2B /* PBXContainerItemProxy */ = {
			isa = PBXContainerItemProxy;
			containerPortal = 6E79616A2B07C0CA00FA6609 /* Project object */;
			proxyType = 1;
			remoteGlobalIDString = 6E7FCDD42B11044300FBDF2B;
			remoteInfo = Data;
		};
		6E7FCDEA2B1107DB00FBDF2B /* PBXContainerItemProxy */ = {
			isa = PBXContainerItemProxy;
			containerPortal = 6E79616A2B07C0CA00FA6609 /* Project object */;
			proxyType = 1;
			remoteGlobalIDString = 6E7FCDE52B1107DB00FBDF2B;
			remoteInfo = DomainCore;
		};
		6EC661E92B1383BC00E1BC7B /* PBXContainerItemProxy */ = {
			isa = PBXContainerItemProxy;
			containerPortal = 6E79616A2B07C0CA00FA6609 /* Project object */;
			proxyType = 1;
			remoteGlobalIDString = 6EC661E42B1383BC00E1BC7B;
			remoteInfo = UserDomain;
		};
/* End PBXContainerItemProxy section */

/* Begin PBXCopyFilesBuildPhase section */
		6E7FCD4C2B10DFD900FBDF2B /* Embed Frameworks */ = {
			isa = PBXCopyFilesBuildPhase;
			buildActionMask = 2147483647;
			dstPath = "";
			dstSubfolderSpec = 10;
			files = (
				6E7FCDAC2B11004000FBDF2B /* FirestoreService.framework in Embed Frameworks */,
				6E7FCDED2B1107DB00FBDF2B /* DomainCore.framework in Embed Frameworks */,
				6E7FCDBC2B11026000FBDF2B /* AuthFeature.framework in Embed Frameworks */,
				6E7FCD6C2B10E0A500FBDF2B /* UI.framework in Embed Frameworks */,
				6E7FCDCC2B11027E00FBDF2B /* PostFeature.framework in Embed Frameworks */,
				6E7FCD4B2B10DFD900FBDF2B /* Core.framework in Embed Frameworks */,
				6E7FCD9C2B10FBA900FBDF2B /* PostDomain.framework in Embed Frameworks */,
				6E7FCDDC2B11044400FBDF2B /* Data.framework in Embed Frameworks */,
				6E7FCD5C2B10E02600FBDF2B /* Common.framework in Embed Frameworks */,
				6E7FCD8C2B10F1CC00FBDF2B /* AuthDomain.framework in Embed Frameworks */,
				6EC661EC2B1383BC00E1BC7B /* UserDomain.framework in Embed Frameworks */,
			);
			name = "Embed Frameworks";
			runOnlyForDeploymentPostprocessing = 0;
		};
/* End PBXCopyFilesBuildPhase section */

/* Begin PBXFileReference section */
		6E11E8542B0E62560042FC91 /* AppError.swift */ = {isa = PBXFileReference; lastKnownFileType = sourcecode.swift; path = AppError.swift; sourceTree = "<group>"; };
		6E11E8562B0E62950042FC91 /* DTOError.swift */ = {isa = PBXFileReference; lastKnownFileType = sourcecode.swift; path = DTOError.swift; sourceTree = "<group>"; };
		6E11E8592B0E69230042FC91 /* ModelError.swift */ = {isa = PBXFileReference; lastKnownFileType = sourcecode.swift; path = ModelError.swift; sourceTree = "<group>"; };
		6E11E85B2B0E6C500042FC91 /* ReviewDTO.swift */ = {isa = PBXFileReference; lastKnownFileType = sourcecode.swift; path = ReviewDTO.swift; sourceTree = "<group>"; };
		6E11E85D2B0E79AD0042FC91 /* Review.swift */ = {isa = PBXFileReference; lastKnownFileType = sourcecode.swift; path = Review.swift; sourceTree = "<group>"; };
		6E5AF7982B0CFC6D007F8B6E /* PresenterDefault.swift */ = {isa = PBXFileReference; lastKnownFileType = sourcecode.swift; path = PresenterDefault.swift; sourceTree = "<group>"; };
		6E5AF79A2B0CFC74007F8B6E /* UtilityDefault.swift */ = {isa = PBXFileReference; lastKnownFileType = sourcecode.swift; path = UtilityDefault.swift; sourceTree = "<group>"; };
		6E5AF7A02B0D1FAF007F8B6E /* DTO.swift */ = {isa = PBXFileReference; lastKnownFileType = sourcecode.swift; path = DTO.swift; sourceTree = "<group>"; };
		6E5AF7A42B0D1FF7007F8B6E /* Model.swift */ = {isa = PBXFileReference; lastKnownFileType = sourcecode.swift; path = Model.swift; sourceTree = "<group>"; };
		6E5AF7A62B0D22B8007F8B6E /* PostDTO.swift */ = {isa = PBXFileReference; lastKnownFileType = sourcecode.swift; path = PostDTO.swift; sourceTree = "<group>"; };
		6E5AF7A82B0D2C8B007F8B6E /* Post.swift */ = {isa = PBXFileReference; lastKnownFileType = sourcecode.swift; path = Post.swift; sourceTree = "<group>"; };
		6E5AF7AA2B0DC12B007F8B6E /* UserDTO.swift */ = {isa = PBXFileReference; lastKnownFileType = sourcecode.swift; path = UserDTO.swift; sourceTree = "<group>"; };
		6E7961722B07C0CA00FA6609 /* KeyboardKet.app */ = {isa = PBXFileReference; explicitFileType = wrapper.application; includeInIndex = 0; path = KeyboardKet.app; sourceTree = BUILT_PRODUCTS_DIR; };
		6E7961752B07C0CA00FA6609 /* AppDelegate.swift */ = {isa = PBXFileReference; lastKnownFileType = sourcecode.swift; path = AppDelegate.swift; sourceTree = "<group>"; };
		6E7961772B07C0CA00FA6609 /* SceneDelegate.swift */ = {isa = PBXFileReference; lastKnownFileType = sourcecode.swift; path = SceneDelegate.swift; sourceTree = "<group>"; };
		6E7961792B07C0CA00FA6609 /* ViewController.swift */ = {isa = PBXFileReference; lastKnownFileType = sourcecode.swift; path = ViewController.swift; sourceTree = "<group>"; };
		6E79617E2B07C0CC00FA6609 /* Assets.xcassets */ = {isa = PBXFileReference; lastKnownFileType = folder.assetcatalog; path = Assets.xcassets; sourceTree = "<group>"; };
		6E7961832B07C0CC00FA6609 /* Info.plist */ = {isa = PBXFileReference; lastKnownFileType = text.plist.xml; path = Info.plist; sourceTree = "<group>"; };
		6E7961882B07C0CC00FA6609 /* KeyboardKetTests.xctest */ = {isa = PBXFileReference; explicitFileType = wrapper.cfbundle; includeInIndex = 0; path = KeyboardKetTests.xctest; sourceTree = BUILT_PRODUCTS_DIR; };
		6E79618C2B07C0CC00FA6609 /* KeyboardKetTests.swift */ = {isa = PBXFileReference; lastKnownFileType = sourcecode.swift; path = KeyboardKetTests.swift; sourceTree = "<group>"; };
		6E7961922B07C0CC00FA6609 /* KeyboardKetUITests.xctest */ = {isa = PBXFileReference; explicitFileType = wrapper.cfbundle; includeInIndex = 0; path = KeyboardKetUITests.xctest; sourceTree = BUILT_PRODUCTS_DIR; };
		6E7961962B07C0CC00FA6609 /* KeyboardKetUITests.swift */ = {isa = PBXFileReference; lastKnownFileType = sourcecode.swift; path = KeyboardKetUITests.swift; sourceTree = "<group>"; };
		6E7961982B07C0CC00FA6609 /* KeyboardKetUITestsLaunchTests.swift */ = {isa = PBXFileReference; lastKnownFileType = sourcecode.swift; path = KeyboardKetUITestsLaunchTests.swift; sourceTree = "<group>"; };
		6E7FCD442B10DFD900FBDF2B /* Core.framework */ = {isa = PBXFileReference; explicitFileType = wrapper.framework; includeInIndex = 0; path = Core.framework; sourceTree = BUILT_PRODUCTS_DIR; };
		6E7FCD462B10DFD900FBDF2B /* Core.h */ = {isa = PBXFileReference; lastKnownFileType = sourcecode.c.h; path = Core.h; sourceTree = "<group>"; };
		6E7FCD552B10E02600FBDF2B /* Common.framework */ = {isa = PBXFileReference; explicitFileType = wrapper.framework; includeInIndex = 0; path = Common.framework; sourceTree = BUILT_PRODUCTS_DIR; };
		6E7FCD572B10E02600FBDF2B /* Common.h */ = {isa = PBXFileReference; lastKnownFileType = sourcecode.c.h; path = Common.h; sourceTree = "<group>"; };
		6E7FCD652B10E0A500FBDF2B /* UI.framework */ = {isa = PBXFileReference; explicitFileType = wrapper.framework; includeInIndex = 0; path = UI.framework; sourceTree = BUILT_PRODUCTS_DIR; };
		6E7FCD672B10E0A500FBDF2B /* UI.h */ = {isa = PBXFileReference; lastKnownFileType = sourcecode.c.h; path = UI.h; sourceTree = "<group>"; };
		6E7FCD852B10F1CC00FBDF2B /* AuthDomain.framework */ = {isa = PBXFileReference; explicitFileType = wrapper.framework; includeInIndex = 0; path = AuthDomain.framework; sourceTree = BUILT_PRODUCTS_DIR; };
		6E7FCD872B10F1CC00FBDF2B /* AuthDomain.h */ = {isa = PBXFileReference; lastKnownFileType = sourcecode.c.h; path = AuthDomain.h; sourceTree = "<group>"; };
		6E7FCD952B10FBA800FBDF2B /* PostDomain.framework */ = {isa = PBXFileReference; explicitFileType = wrapper.framework; includeInIndex = 0; path = PostDomain.framework; sourceTree = BUILT_PRODUCTS_DIR; };
		6E7FCD972B10FBA900FBDF2B /* PostDomain.h */ = {isa = PBXFileReference; lastKnownFileType = sourcecode.c.h; path = PostDomain.h; sourceTree = "<group>"; };
		6E7FCDA52B11004000FBDF2B /* FirestoreService.framework */ = {isa = PBXFileReference; explicitFileType = wrapper.framework; includeInIndex = 0; path = FirestoreService.framework; sourceTree = BUILT_PRODUCTS_DIR; };
		6E7FCDA72B11004000FBDF2B /* FirestoreService.h */ = {isa = PBXFileReference; lastKnownFileType = sourcecode.c.h; path = FirestoreService.h; sourceTree = "<group>"; };
		6E7FCDB52B11025F00FBDF2B /* AuthFeature.framework */ = {isa = PBXFileReference; explicitFileType = wrapper.framework; includeInIndex = 0; path = AuthFeature.framework; sourceTree = BUILT_PRODUCTS_DIR; };
		6E7FCDB72B11025F00FBDF2B /* AuthFeature.h */ = {isa = PBXFileReference; lastKnownFileType = sourcecode.c.h; path = AuthFeature.h; sourceTree = "<group>"; };
		6E7FCDC52B11027E00FBDF2B /* PostFeature.framework */ = {isa = PBXFileReference; explicitFileType = wrapper.framework; includeInIndex = 0; path = PostFeature.framework; sourceTree = BUILT_PRODUCTS_DIR; };
		6E7FCDC72B11027E00FBDF2B /* PostFeature.h */ = {isa = PBXFileReference; lastKnownFileType = sourcecode.c.h; path = PostFeature.h; sourceTree = "<group>"; };
		6E7FCDD52B11044300FBDF2B /* Data.framework */ = {isa = PBXFileReference; explicitFileType = wrapper.framework; includeInIndex = 0; path = Data.framework; sourceTree = BUILT_PRODUCTS_DIR; };
		6E7FCDD72B11044400FBDF2B /* Data.h */ = {isa = PBXFileReference; lastKnownFileType = sourcecode.c.h; path = Data.h; sourceTree = "<group>"; };
		6E7FCDE62B1107DB00FBDF2B /* DomainCore.framework */ = {isa = PBXFileReference; explicitFileType = wrapper.framework; includeInIndex = 0; path = DomainCore.framework; sourceTree = BUILT_PRODUCTS_DIR; };
		6E7FCDE82B1107DB00FBDF2B /* DomainCore.h */ = {isa = PBXFileReference; lastKnownFileType = sourcecode.c.h; path = DomainCore.h; sourceTree = "<group>"; };
		6EC661E52B1383BC00E1BC7B /* UserDomain.framework */ = {isa = PBXFileReference; explicitFileType = wrapper.framework; includeInIndex = 0; path = UserDomain.framework; sourceTree = BUILT_PRODUCTS_DIR; };
		6EC661E72B1383BC00E1BC7B /* UserDomain.h */ = {isa = PBXFileReference; lastKnownFileType = sourcecode.c.h; path = UserDomain.h; sourceTree = "<group>"; };
		6ECA4BC92B0E4BDD0041E90C /* User.swift */ = {isa = PBXFileReference; lastKnownFileType = sourcecode.swift; path = User.swift; sourceTree = "<group>"; };
/* End PBXFileReference section */

/* Begin PBXFrameworksBuildPhase section */
		6E79616F2B07C0CA00FA6609 /* Frameworks */ = {
			isa = PBXFrameworksBuildPhase;
			buildActionMask = 2147483647;
			files = (
				6E7FCDAB2B11004000FBDF2B /* FirestoreService.framework in Frameworks */,
				6E7FCDEC2B1107DB00FBDF2B /* DomainCore.framework in Frameworks */,
				6E7FCDBB2B11026000FBDF2B /* AuthFeature.framework in Frameworks */,
				6E7FCD6B2B10E0A500FBDF2B /* UI.framework in Frameworks */,
				6E7FCDCB2B11027E00FBDF2B /* PostFeature.framework in Frameworks */,
				6E7FCD4A2B10DFD900FBDF2B /* Core.framework in Frameworks */,
				6E7FCD9B2B10FBA900FBDF2B /* PostDomain.framework in Frameworks */,
				6E7FCDDB2B11044400FBDF2B /* Data.framework in Frameworks */,
				6E7FCD5B2B10E02600FBDF2B /* Common.framework in Frameworks */,
				6E7FCD8B2B10F1CC00FBDF2B /* AuthDomain.framework in Frameworks */,
				6EC661EB2B1383BC00E1BC7B /* UserDomain.framework in Frameworks */,
			);
			runOnlyForDeploymentPostprocessing = 0;
		};
		6E7961852B07C0CC00FA6609 /* Frameworks */ = {
			isa = PBXFrameworksBuildPhase;
			buildActionMask = 2147483647;
			files = (
			);
			runOnlyForDeploymentPostprocessing = 0;
		};
		6E79618F2B07C0CC00FA6609 /* Frameworks */ = {
			isa = PBXFrameworksBuildPhase;
			buildActionMask = 2147483647;
			files = (
			);
			runOnlyForDeploymentPostprocessing = 0;
		};
		6E7FCD412B10DFD900FBDF2B /* Frameworks */ = {
			isa = PBXFrameworksBuildPhase;
			buildActionMask = 2147483647;
			files = (
			);
			runOnlyForDeploymentPostprocessing = 0;
		};
		6E7FCD522B10E02600FBDF2B /* Frameworks */ = {
			isa = PBXFrameworksBuildPhase;
			buildActionMask = 2147483647;
			files = (
			);
			runOnlyForDeploymentPostprocessing = 0;
		};
		6E7FCD622B10E0A500FBDF2B /* Frameworks */ = {
			isa = PBXFrameworksBuildPhase;
			buildActionMask = 2147483647;
			files = (
			);
			runOnlyForDeploymentPostprocessing = 0;
		};
		6E7FCD822B10F1CC00FBDF2B /* Frameworks */ = {
			isa = PBXFrameworksBuildPhase;
			buildActionMask = 2147483647;
			files = (
			);
			runOnlyForDeploymentPostprocessing = 0;
		};
		6E7FCD922B10FBA800FBDF2B /* Frameworks */ = {
			isa = PBXFrameworksBuildPhase;
			buildActionMask = 2147483647;
			files = (
			);
			runOnlyForDeploymentPostprocessing = 0;
		};
		6E7FCDA22B11004000FBDF2B /* Frameworks */ = {
			isa = PBXFrameworksBuildPhase;
			buildActionMask = 2147483647;
			files = (
			);
			runOnlyForDeploymentPostprocessing = 0;
		};
		6E7FCDB22B11025F00FBDF2B /* Frameworks */ = {
			isa = PBXFrameworksBuildPhase;
			buildActionMask = 2147483647;
			files = (
			);
			runOnlyForDeploymentPostprocessing = 0;
		};
		6E7FCDC22B11027E00FBDF2B /* Frameworks */ = {
			isa = PBXFrameworksBuildPhase;
			buildActionMask = 2147483647;
			files = (
			);
			runOnlyForDeploymentPostprocessing = 0;
		};
		6E7FCDD22B11044300FBDF2B /* Frameworks */ = {
			isa = PBXFrameworksBuildPhase;
			buildActionMask = 2147483647;
			files = (
			);
			runOnlyForDeploymentPostprocessing = 0;
		};
		6E7FCDE32B1107DB00FBDF2B /* Frameworks */ = {
			isa = PBXFrameworksBuildPhase;
			buildActionMask = 2147483647;
			files = (
			);
			runOnlyForDeploymentPostprocessing = 0;
		};
		6EC661E22B1383BC00E1BC7B /* Frameworks */ = {
			isa = PBXFrameworksBuildPhase;
			buildActionMask = 2147483647;
			files = (
			);
			runOnlyForDeploymentPostprocessing = 0;
		};
/* End PBXFrameworksBuildPhase section */

/* Begin PBXGroup section */
		6E11E8532B0E62420042FC91 /* Error */ = {
			isa = PBXGroup;
			children = (
				6E11E8562B0E62950042FC91 /* DTOError.swift */,
			);
			path = Error;
			sourceTree = "<group>";
		};
		6E11E8582B0E69150042FC91 /* Error */ = {
			isa = PBXGroup;
			children = (
				6E11E8592B0E69230042FC91 /* ModelError.swift */,
			);
			path = Error;
			sourceTree = "<group>";
		};
		6E5AF78E2B0CFAAA007F8B6E /* App */ = {
			isa = PBXGroup;
			children = (
				6E7961752B07C0CA00FA6609 /* AppDelegate.swift */,
				6E7961772B07C0CA00FA6609 /* SceneDelegate.swift */,
			);
			path = App;
			sourceTree = "<group>";
		};
		6E5AF78F2B0CFAB5007F8B6E /* Config */ = {
			isa = PBXGroup;
			children = (
				6E7961832B07C0CC00FA6609 /* Info.plist */,
			);
			path = Config;
			sourceTree = "<group>";
		};
		6E5AF7902B0CFBF8007F8B6E /* Data */ = {
			isa = PBXGroup;
			children = (
			);
			path = Data;
			sourceTree = "<group>";
		};
		6E5AF7912B0CFC15007F8B6E /* Domain */ = {
			isa = PBXGroup;
			children = (
				6E5AF7A22B0D1FE5007F8B6E /* Model */,
			);
			path = Domain;
			sourceTree = "<group>";
		};
		6E5AF7922B0CFC21007F8B6E /* Presenter */ = {
			isa = PBXGroup;
			children = (
				6E7961792B07C0CA00FA6609 /* ViewController.swift */,
				6E5AF7982B0CFC6D007F8B6E /* PresenterDefault.swift */,
			);
			path = Presenter;
			sourceTree = "<group>";
		};
		6E5AF7932B0CFC29007F8B6E /* Utility */ = {
			isa = PBXGroup;
			children = (
				6E5AF79A2B0CFC74007F8B6E /* UtilityDefault.swift */,
			);
			path = Utility;
			sourceTree = "<group>";
		};
		6E5AF79C2B0D0F70007F8B6E /* DTO */ = {
			isa = PBXGroup;
			children = (
				6E11E8532B0E62420042FC91 /* Error */,
				6E5AF79F2B0D1DDA007F8B6E /* Protocol */,
				6E5AF7A62B0D22B8007F8B6E /* PostDTO.swift */,
				6E5AF7AA2B0DC12B007F8B6E /* UserDTO.swift */,
				6E11E85B2B0E6C500042FC91 /* ReviewDTO.swift */,
			);
			path = DTO;
			sourceTree = "<group>";
		};
		6E5AF79F2B0D1DDA007F8B6E /* Protocol */ = {
			isa = PBXGroup;
			children = (
				6E5AF7A02B0D1FAF007F8B6E /* DTO.swift */,
			);
			path = Protocol;
			sourceTree = "<group>";
		};
		6E5AF7A22B0D1FE5007F8B6E /* Model */ = {
			isa = PBXGroup;
			children = (
			);
			path = Model;
			sourceTree = "<group>";
		};
		6E5AF7A32B0D1FED007F8B6E /* Protocol */ = {
			isa = PBXGroup;
			children = (
				6E5AF7A42B0D1FF7007F8B6E /* Model.swift */,
			);
			path = Protocol;
			sourceTree = "<group>";
		};
		6E7961692B07C0CA00FA6609 = {
			isa = PBXGroup;
			children = (
				6E7961742B07C0CA00FA6609 /* KeyboardKet */,
				6E79618B2B07C0CC00FA6609 /* KeyboardKetTests */,
				6E7961952B07C0CC00FA6609 /* KeyboardKetUITests */,
				6E7FCD452B10DFD900FBDF2B /* Core */,
				6E7FCD562B10E02600FBDF2B /* Common */,
				6E7FCD662B10E0A500FBDF2B /* UI */,
				6E7FCD862B10F1CC00FBDF2B /* AuthDomain */,
				6E7FCD962B10FBA900FBDF2B /* PostDomain */,
				6E7FCDA62B11004000FBDF2B /* FirestoreService */,
				6E7FCDB62B11025F00FBDF2B /* AuthFeature */,
				6E7FCDC62B11027E00FBDF2B /* PostFeature */,
				6E7FCDD62B11044400FBDF2B /* Data */,
				6E7FCDE72B1107DB00FBDF2B /* DomainCore */,
				6EC661E62B1383BC00E1BC7B /* UserDomain */,
				6E7961732B07C0CA00FA6609 /* Products */,
			);
			sourceTree = "<group>";
		};
		6E7961732B07C0CA00FA6609 /* Products */ = {
			isa = PBXGroup;
			children = (
				6E7961722B07C0CA00FA6609 /* KeyboardKet.app */,
				6E7961882B07C0CC00FA6609 /* KeyboardKetTests.xctest */,
				6E7961922B07C0CC00FA6609 /* KeyboardKetUITests.xctest */,
				6E7FCD442B10DFD900FBDF2B /* Core.framework */,
				6E7FCD552B10E02600FBDF2B /* Common.framework */,
				6E7FCD652B10E0A500FBDF2B /* UI.framework */,
				6E7FCD852B10F1CC00FBDF2B /* AuthDomain.framework */,
				6E7FCD952B10FBA800FBDF2B /* PostDomain.framework */,
				6E7FCDA52B11004000FBDF2B /* FirestoreService.framework */,
				6E7FCDB52B11025F00FBDF2B /* AuthFeature.framework */,
				6E7FCDC52B11027E00FBDF2B /* PostFeature.framework */,
				6E7FCDD52B11044300FBDF2B /* Data.framework */,
				6E7FCDE62B1107DB00FBDF2B /* DomainCore.framework */,
				6EC661E52B1383BC00E1BC7B /* UserDomain.framework */,
			);
			name = Products;
			sourceTree = "<group>";
		};
		6E7961742B07C0CA00FA6609 /* KeyboardKet */ = {
			isa = PBXGroup;
			children = (
				6EA9FCCC2B0CF44400C523CE /* Source */,
				6EA9FCCB2B0CF43200C523CE /* Resource */,
			);
			path = KeyboardKet;
			sourceTree = "<group>";
		};
		6E79618B2B07C0CC00FA6609 /* KeyboardKetTests */ = {
			isa = PBXGroup;
			children = (
				6E79618C2B07C0CC00FA6609 /* KeyboardKetTests.swift */,
			);
			path = KeyboardKetTests;
			sourceTree = "<group>";
		};
		6E7961952B07C0CC00FA6609 /* KeyboardKetUITests */ = {
			isa = PBXGroup;
			children = (
				6E7961962B07C0CC00FA6609 /* KeyboardKetUITests.swift */,
				6E7961982B07C0CC00FA6609 /* KeyboardKetUITestsLaunchTests.swift */,
			);
			path = KeyboardKetUITests;
			sourceTree = "<group>";
		};
		6E7FCD452B10DFD900FBDF2B /* Core */ = {
			isa = PBXGroup;
			children = (
				6E7FCDE02B11049D00FBDF2B /* Error */,
				6E7FCD462B10DFD900FBDF2B /* Core.h */,
			);
			path = Core;
			sourceTree = "<group>";
		};
		6E7FCD562B10E02600FBDF2B /* Common */ = {
			isa = PBXGroup;
			children = (
				6E7FCD572B10E02600FBDF2B /* Common.h */,
			);
			path = Common;
			sourceTree = "<group>";
		};
		6E7FCD662B10E0A500FBDF2B /* UI */ = {
			isa = PBXGroup;
			children = (
				6E7FCD672B10E0A500FBDF2B /* UI.h */,
			);
			path = UI;
			sourceTree = "<group>";
		};
		6E7FCD862B10F1CC00FBDF2B /* AuthDomain */ = {
			isa = PBXGroup;
			children = (
				6E7FCD872B10F1CC00FBDF2B /* AuthDomain.h */,
			);
			path = AuthDomain;
			sourceTree = "<group>";
		};
		6E7FCD962B10FBA900FBDF2B /* PostDomain */ = {
			isa = PBXGroup;
			children = (
				6E7FCD972B10FBA900FBDF2B /* PostDomain.h */,
				6E7FCDF22B11091800FBDF2B /* Model */,
			);
			path = PostDomain;
			sourceTree = "<group>";
		};
		6E7FCDA62B11004000FBDF2B /* FirestoreService */ = {
			isa = PBXGroup;
			children = (
				6E7FCDA72B11004000FBDF2B /* FirestoreService.h */,
			);
			path = FirestoreService;
			sourceTree = "<group>";
		};
		6E7FCDB62B11025F00FBDF2B /* AuthFeature */ = {
			isa = PBXGroup;
			children = (
				6E7FCDB72B11025F00FBDF2B /* AuthFeature.h */,
				6E7FCDF32B11099D00FBDF2B /* Model */,
			);
			path = AuthFeature;
			sourceTree = "<group>";
		};
		6E7FCDC62B11027E00FBDF2B /* PostFeature */ = {
			isa = PBXGroup;
			children = (
				6E7FCDC72B11027E00FBDF2B /* PostFeature.h */,
			);
			path = PostFeature;
			sourceTree = "<group>";
		};
		6E7FCDD62B11044400FBDF2B /* Data */ = {
			isa = PBXGroup;
			children = (
				6E7FCDD72B11044400FBDF2B /* Data.h */,
				6E5AF79C2B0D0F70007F8B6E /* DTO */,
			);
			path = Data;
			sourceTree = "<group>";
		};
		6E7FCDE02B11049D00FBDF2B /* Error */ = {
			isa = PBXGroup;
			children = (
				6E11E8542B0E62560042FC91 /* AppError.swift */,
			);
			path = Error;
			sourceTree = "<group>";
		};
		6E7FCDE72B1107DB00FBDF2B /* DomainCore */ = {
			isa = PBXGroup;
			children = (
				6E7FCDF12B11082600FBDF2B /* Entity */,
				6E7FCDE82B1107DB00FBDF2B /* DomainCore.h */,
			);
			path = DomainCore;
			sourceTree = "<group>";
		};
		6E7FCDF12B11082600FBDF2B /* Entity */ = {
			isa = PBXGroup;
			children = (
				6E11E8582B0E69150042FC91 /* Error */,
				6E5AF7A32B0D1FED007F8B6E /* Protocol */,
			);
			path = Entity;
			sourceTree = "<group>";
		};
		6E7FCDF22B11091800FBDF2B /* Model */ = {
			isa = PBXGroup;
			children = (
				6E5AF7A82B0D2C8B007F8B6E /* Post.swift */,
				6E11E85D2B0E79AD0042FC91 /* Review.swift */,
			);
			path = Model;
			sourceTree = "<group>";
		};
		6E7FCDF32B11099D00FBDF2B /* Model */ = {
			isa = PBXGroup;
			children = (
				6ECA4BC92B0E4BDD0041E90C /* User.swift */,
			);
			path = Model;
			sourceTree = "<group>";
		};
		6EA9FCCB2B0CF43200C523CE /* Resource */ = {
			isa = PBXGroup;
			children = (
				6E79617E2B07C0CC00FA6609 /* Assets.xcassets */,
			);
			path = Resource;
			sourceTree = "<group>";
		};
		6EA9FCCC2B0CF44400C523CE /* Source */ = {
			isa = PBXGroup;
			children = (
				6E5AF78E2B0CFAAA007F8B6E /* App */,
				6E5AF78F2B0CFAB5007F8B6E /* Config */,
				6E5AF7902B0CFBF8007F8B6E /* Data */,
				6E5AF7912B0CFC15007F8B6E /* Domain */,
				6E5AF7922B0CFC21007F8B6E /* Presenter */,
				6E5AF7932B0CFC29007F8B6E /* Utility */,
			);
			path = Source;
			sourceTree = "<group>";
		};
		6EC661E62B1383BC00E1BC7B /* UserDomain */ = {
			isa = PBXGroup;
			children = (
				6EC661E72B1383BC00E1BC7B /* UserDomain.h */,
			);
			path = UserDomain;
			sourceTree = "<group>";
		};
/* End PBXGroup section */

/* Begin PBXHeadersBuildPhase section */
		6E7FCD3F2B10DFD900FBDF2B /* Headers */ = {
			isa = PBXHeadersBuildPhase;
			buildActionMask = 2147483647;
			files = (
				6E7FCD472B10DFD900FBDF2B /* Core.h in Headers */,
			);
			runOnlyForDeploymentPostprocessing = 0;
		};
		6E7FCD502B10E02600FBDF2B /* Headers */ = {
			isa = PBXHeadersBuildPhase;
			buildActionMask = 2147483647;
			files = (
				6E7FCD582B10E02600FBDF2B /* Common.h in Headers */,
			);
			runOnlyForDeploymentPostprocessing = 0;
		};
		6E7FCD602B10E0A500FBDF2B /* Headers */ = {
			isa = PBXHeadersBuildPhase;
			buildActionMask = 2147483647;
			files = (
				6E7FCD682B10E0A500FBDF2B /* UI.h in Headers */,
			);
			runOnlyForDeploymentPostprocessing = 0;
		};
		6E7FCD802B10F1CC00FBDF2B /* Headers */ = {
			isa = PBXHeadersBuildPhase;
			buildActionMask = 2147483647;
			files = (
				6E7FCD882B10F1CC00FBDF2B /* AuthDomain.h in Headers */,
			);
			runOnlyForDeploymentPostprocessing = 0;
		};
		6E7FCD902B10FBA800FBDF2B /* Headers */ = {
			isa = PBXHeadersBuildPhase;
			buildActionMask = 2147483647;
			files = (
				6E7FCD982B10FBA900FBDF2B /* PostDomain.h in Headers */,
			);
			runOnlyForDeploymentPostprocessing = 0;
		};
		6E7FCDA02B11004000FBDF2B /* Headers */ = {
			isa = PBXHeadersBuildPhase;
			buildActionMask = 2147483647;
			files = (
				6E7FCDA82B11004000FBDF2B /* FirestoreService.h in Headers */,
			);
			runOnlyForDeploymentPostprocessing = 0;
		};
		6E7FCDB02B11025F00FBDF2B /* Headers */ = {
			isa = PBXHeadersBuildPhase;
			buildActionMask = 2147483647;
			files = (
				6E7FCDB82B11025F00FBDF2B /* AuthFeature.h in Headers */,
			);
			runOnlyForDeploymentPostprocessing = 0;
		};
		6E7FCDC02B11027E00FBDF2B /* Headers */ = {
			isa = PBXHeadersBuildPhase;
			buildActionMask = 2147483647;
			files = (
				6E7FCDC82B11027E00FBDF2B /* PostFeature.h in Headers */,
			);
			runOnlyForDeploymentPostprocessing = 0;
		};
		6E7FCDD02B11044300FBDF2B /* Headers */ = {
			isa = PBXHeadersBuildPhase;
			buildActionMask = 2147483647;
			files = (
				6E7FCDD82B11044400FBDF2B /* Data.h in Headers */,
			);
			runOnlyForDeploymentPostprocessing = 0;
		};
		6E7FCDE12B1107DB00FBDF2B /* Headers */ = {
			isa = PBXHeadersBuildPhase;
			buildActionMask = 2147483647;
			files = (
				6E7FCDE92B1107DB00FBDF2B /* DomainCore.h in Headers */,
			);
			runOnlyForDeploymentPostprocessing = 0;
		};
		6EC661E02B1383BC00E1BC7B /* Headers */ = {
			isa = PBXHeadersBuildPhase;
			buildActionMask = 2147483647;
			files = (
				6EC661E82B1383BC00E1BC7B /* UserDomain.h in Headers */,
			);
			runOnlyForDeploymentPostprocessing = 0;
		};
/* End PBXHeadersBuildPhase section */

/* Begin PBXNativeTarget section */
		6E7961712B07C0CA00FA6609 /* KeyboardKet */ = {
			isa = PBXNativeTarget;
			buildConfigurationList = 6E79619C2B07C0CC00FA6609 /* Build configuration list for PBXNativeTarget "KeyboardKet" */;
			buildPhases = (
				6E79616E2B07C0CA00FA6609 /* Sources */,
				6E79616F2B07C0CA00FA6609 /* Frameworks */,
				6E7961702B07C0CA00FA6609 /* Resources */,
				6E7FCD4C2B10DFD900FBDF2B /* Embed Frameworks */,
			);
			buildRules = (
			);
			dependencies = (
				6E7FCD492B10DFD900FBDF2B /* PBXTargetDependency */,
				6E7FCD5A2B10E02600FBDF2B /* PBXTargetDependency */,
				6E7FCD6A2B10E0A500FBDF2B /* PBXTargetDependency */,
				6E7FCD8A2B10F1CC00FBDF2B /* PBXTargetDependency */,
				6E7FCD9A2B10FBA900FBDF2B /* PBXTargetDependency */,
				6E7FCDAA2B11004000FBDF2B /* PBXTargetDependency */,
				6E7FCDBA2B11026000FBDF2B /* PBXTargetDependency */,
				6E7FCDCA2B11027E00FBDF2B /* PBXTargetDependency */,
				6E7FCDDA2B11044400FBDF2B /* PBXTargetDependency */,
				6E7FCDEB2B1107DB00FBDF2B /* PBXTargetDependency */,
				6EC661EA2B1383BC00E1BC7B /* PBXTargetDependency */,
			);
			name = KeyboardKet;
			productName = KeyboardKet;
			productReference = 6E7961722B07C0CA00FA6609 /* KeyboardKet.app */;
			productType = "com.apple.product-type.application";
		};
		6E7961872B07C0CC00FA6609 /* KeyboardKetTests */ = {
			isa = PBXNativeTarget;
			buildConfigurationList = 6E79619F2B07C0CC00FA6609 /* Build configuration list for PBXNativeTarget "KeyboardKetTests" */;
			buildPhases = (
				6E7961842B07C0CC00FA6609 /* Sources */,
				6E7961852B07C0CC00FA6609 /* Frameworks */,
				6E7961862B07C0CC00FA6609 /* Resources */,
			);
			buildRules = (
			);
			dependencies = (
				6E79618A2B07C0CC00FA6609 /* PBXTargetDependency */,
			);
			name = KeyboardKetTests;
			productName = KeyboardKetTests;
			productReference = 6E7961882B07C0CC00FA6609 /* KeyboardKetTests.xctest */;
			productType = "com.apple.product-type.bundle.unit-test";
		};
		6E7961912B07C0CC00FA6609 /* KeyboardKetUITests */ = {
			isa = PBXNativeTarget;
			buildConfigurationList = 6E7961A22B07C0CC00FA6609 /* Build configuration list for PBXNativeTarget "KeyboardKetUITests" */;
			buildPhases = (
				6E79618E2B07C0CC00FA6609 /* Sources */,
				6E79618F2B07C0CC00FA6609 /* Frameworks */,
				6E7961902B07C0CC00FA6609 /* Resources */,
			);
			buildRules = (
			);
			dependencies = (
				6E7961942B07C0CC00FA6609 /* PBXTargetDependency */,
			);
			name = KeyboardKetUITests;
			productName = KeyboardKetUITests;
			productReference = 6E7961922B07C0CC00FA6609 /* KeyboardKetUITests.xctest */;
			productType = "com.apple.product-type.bundle.ui-testing";
		};
		6E7FCD432B10DFD900FBDF2B /* Core */ = {
			isa = PBXNativeTarget;
			buildConfigurationList = 6E7FCD4F2B10DFD900FBDF2B /* Build configuration list for PBXNativeTarget "Core" */;
			buildPhases = (
				6E7FCD3F2B10DFD900FBDF2B /* Headers */,
				6E7FCD402B10DFD900FBDF2B /* Sources */,
				6E7FCD412B10DFD900FBDF2B /* Frameworks */,
				6E7FCD422B10DFD900FBDF2B /* Resources */,
			);
			buildRules = (
			);
			dependencies = (
			);
			name = Core;
			productName = Core;
			productReference = 6E7FCD442B10DFD900FBDF2B /* Core.framework */;
			productType = "com.apple.product-type.framework";
		};
		6E7FCD542B10E02600FBDF2B /* Common */ = {
			isa = PBXNativeTarget;
			buildConfigurationList = 6E7FCD5D2B10E02600FBDF2B /* Build configuration list for PBXNativeTarget "Common" */;
			buildPhases = (
				6E7FCD502B10E02600FBDF2B /* Headers */,
				6E7FCD512B10E02600FBDF2B /* Sources */,
				6E7FCD522B10E02600FBDF2B /* Frameworks */,
				6E7FCD532B10E02600FBDF2B /* Resources */,
			);
			buildRules = (
			);
			dependencies = (
			);
			name = Common;
			productName = Common;
			productReference = 6E7FCD552B10E02600FBDF2B /* Common.framework */;
			productType = "com.apple.product-type.framework";
		};
		6E7FCD642B10E0A500FBDF2B /* UI */ = {
			isa = PBXNativeTarget;
			buildConfigurationList = 6E7FCD6D2B10E0A500FBDF2B /* Build configuration list for PBXNativeTarget "UI" */;
			buildPhases = (
				6E7FCD602B10E0A500FBDF2B /* Headers */,
				6E7FCD612B10E0A500FBDF2B /* Sources */,
				6E7FCD622B10E0A500FBDF2B /* Frameworks */,
				6E7FCD632B10E0A500FBDF2B /* Resources */,
			);
			buildRules = (
			);
			dependencies = (
			);
			name = UI;
			productName = UI;
			productReference = 6E7FCD652B10E0A500FBDF2B /* UI.framework */;
			productType = "com.apple.product-type.framework";
		};
		6E7FCD842B10F1CC00FBDF2B /* AuthDomain */ = {
			isa = PBXNativeTarget;
			buildConfigurationList = 6E7FCD8D2B10F1CC00FBDF2B /* Build configuration list for PBXNativeTarget "AuthDomain" */;
			buildPhases = (
				6E7FCD802B10F1CC00FBDF2B /* Headers */,
				6E7FCD812B10F1CC00FBDF2B /* Sources */,
				6E7FCD822B10F1CC00FBDF2B /* Frameworks */,
				6E7FCD832B10F1CC00FBDF2B /* Resources */,
			);
			buildRules = (
			);
			dependencies = (
			);
			name = AuthDomain;
			productName = AuthDomain;
			productReference = 6E7FCD852B10F1CC00FBDF2B /* AuthDomain.framework */;
			productType = "com.apple.product-type.framework";
		};
		6E7FCD942B10FBA800FBDF2B /* PostDomain */ = {
			isa = PBXNativeTarget;
			buildConfigurationList = 6E7FCD9D2B10FBA900FBDF2B /* Build configuration list for PBXNativeTarget "PostDomain" */;
			buildPhases = (
				6E7FCD902B10FBA800FBDF2B /* Headers */,
				6E7FCD912B10FBA800FBDF2B /* Sources */,
				6E7FCD922B10FBA800FBDF2B /* Frameworks */,
				6E7FCD932B10FBA800FBDF2B /* Resources */,
			);
			buildRules = (
			);
			dependencies = (
			);
			name = PostDomain;
			productName = PostDomain;
			productReference = 6E7FCD952B10FBA800FBDF2B /* PostDomain.framework */;
			productType = "com.apple.product-type.framework";
		};
		6E7FCDA42B11004000FBDF2B /* FirestoreService */ = {
			isa = PBXNativeTarget;
			buildConfigurationList = 6E7FCDAD2B11004000FBDF2B /* Build configuration list for PBXNativeTarget "FirestoreService" */;
			buildPhases = (
				6E7FCDA02B11004000FBDF2B /* Headers */,
				6E7FCDA12B11004000FBDF2B /* Sources */,
				6E7FCDA22B11004000FBDF2B /* Frameworks */,
				6E7FCDA32B11004000FBDF2B /* Resources */,
			);
			buildRules = (
			);
			dependencies = (
			);
			name = FirestoreService;
			productName = FirestoreService;
			productReference = 6E7FCDA52B11004000FBDF2B /* FirestoreService.framework */;
			productType = "com.apple.product-type.framework";
		};
		6E7FCDB42B11025F00FBDF2B /* AuthFeature */ = {
			isa = PBXNativeTarget;
			buildConfigurationList = 6E7FCDBD2B11026000FBDF2B /* Build configuration list for PBXNativeTarget "AuthFeature" */;
			buildPhases = (
				6E7FCDB02B11025F00FBDF2B /* Headers */,
				6E7FCDB12B11025F00FBDF2B /* Sources */,
				6E7FCDB22B11025F00FBDF2B /* Frameworks */,
				6E7FCDB32B11025F00FBDF2B /* Resources */,
			);
			buildRules = (
			);
			dependencies = (
			);
			name = AuthFeature;
			productName = AuthFeature;
			productReference = 6E7FCDB52B11025F00FBDF2B /* AuthFeature.framework */;
			productType = "com.apple.product-type.framework";
		};
		6E7FCDC42B11027E00FBDF2B /* PostFeature */ = {
			isa = PBXNativeTarget;
			buildConfigurationList = 6E7FCDCD2B11027E00FBDF2B /* Build configuration list for PBXNativeTarget "PostFeature" */;
			buildPhases = (
				6E7FCDC02B11027E00FBDF2B /* Headers */,
				6E7FCDC12B11027E00FBDF2B /* Sources */,
				6E7FCDC22B11027E00FBDF2B /* Frameworks */,
				6E7FCDC32B11027E00FBDF2B /* Resources */,
			);
			buildRules = (
			);
			dependencies = (
			);
			name = PostFeature;
			productName = PostFeature;
			productReference = 6E7FCDC52B11027E00FBDF2B /* PostFeature.framework */;
			productType = "com.apple.product-type.framework";
		};
		6E7FCDD42B11044300FBDF2B /* Data */ = {
			isa = PBXNativeTarget;
			buildConfigurationList = 6E7FCDDD2B11044400FBDF2B /* Build configuration list for PBXNativeTarget "Data" */;
			buildPhases = (
				6E7FCDD02B11044300FBDF2B /* Headers */,
				6E7FCDD12B11044300FBDF2B /* Sources */,
				6E7FCDD22B11044300FBDF2B /* Frameworks */,
				6E7FCDD32B11044300FBDF2B /* Resources */,
			);
			buildRules = (
			);
			dependencies = (
			);
			name = Data;
			productName = Data;
			productReference = 6E7FCDD52B11044300FBDF2B /* Data.framework */;
			productType = "com.apple.product-type.framework";
		};
		6E7FCDE52B1107DB00FBDF2B /* DomainCore */ = {
			isa = PBXNativeTarget;
			buildConfigurationList = 6E7FCDEE2B1107DC00FBDF2B /* Build configuration list for PBXNativeTarget "DomainCore" */;
			buildPhases = (
				6E7FCDE12B1107DB00FBDF2B /* Headers */,
				6E7FCDE22B1107DB00FBDF2B /* Sources */,
				6E7FCDE32B1107DB00FBDF2B /* Frameworks */,
				6E7FCDE42B1107DB00FBDF2B /* Resources */,
			);
			buildRules = (
			);
			dependencies = (
			);
			name = DomainCore;
			productName = DomainCore;
			productReference = 6E7FCDE62B1107DB00FBDF2B /* DomainCore.framework */;
			productType = "com.apple.product-type.framework";
		};
		6EC661E42B1383BC00E1BC7B /* UserDomain */ = {
			isa = PBXNativeTarget;
			buildConfigurationList = 6EC661EF2B1383BC00E1BC7B /* Build configuration list for PBXNativeTarget "UserDomain" */;
			buildPhases = (
				6EC661E02B1383BC00E1BC7B /* Headers */,
				6EC661E12B1383BC00E1BC7B /* Sources */,
				6EC661E22B1383BC00E1BC7B /* Frameworks */,
				6EC661E32B1383BC00E1BC7B /* Resources */,
			);
			buildRules = (
			);
			dependencies = (
			);
			name = UserDomain;
			productName = UserDomain;
			productReference = 6EC661E52B1383BC00E1BC7B /* UserDomain.framework */;
			productType = "com.apple.product-type.framework";
		};
/* End PBXNativeTarget section */

/* Begin PBXProject section */
		6E79616A2B07C0CA00FA6609 /* Project object */ = {
			isa = PBXProject;
			attributes = {
				BuildIndependentTargetsInParallel = 1;
				LastSwiftUpdateCheck = 1500;
				LastUpgradeCheck = 1500;
				TargetAttributes = {
					6E7961712B07C0CA00FA6609 = {
						CreatedOnToolsVersion = 15.0.1;
					};
					6E7961872B07C0CC00FA6609 = {
						CreatedOnToolsVersion = 15.0.1;
						TestTargetID = 6E7961712B07C0CA00FA6609;
					};
					6E7961912B07C0CC00FA6609 = {
						CreatedOnToolsVersion = 15.0.1;
						TestTargetID = 6E7961712B07C0CA00FA6609;
					};
					6E7FCD432B10DFD900FBDF2B = {
						CreatedOnToolsVersion = 15.0.1;
					};
					6E7FCD542B10E02600FBDF2B = {
						CreatedOnToolsVersion = 15.0.1;
					};
					6E7FCD642B10E0A500FBDF2B = {
						CreatedOnToolsVersion = 15.0.1;
					};
					6E7FCD842B10F1CC00FBDF2B = {
						CreatedOnToolsVersion = 15.0.1;
					};
					6E7FCD942B10FBA800FBDF2B = {
						CreatedOnToolsVersion = 15.0.1;
					};
					6E7FCDA42B11004000FBDF2B = {
						CreatedOnToolsVersion = 15.0.1;
					};
					6E7FCDB42B11025F00FBDF2B = {
						CreatedOnToolsVersion = 15.0.1;
					};
					6E7FCDC42B11027E00FBDF2B = {
						CreatedOnToolsVersion = 15.0.1;
					};
					6E7FCDD42B11044300FBDF2B = {
						CreatedOnToolsVersion = 15.0.1;
					};
					6E7FCDE52B1107DB00FBDF2B = {
						CreatedOnToolsVersion = 15.0.1;
					};
					6EC661E42B1383BC00E1BC7B = {
						CreatedOnToolsVersion = 15.0.1;
					};
				};
			};
			buildConfigurationList = 6E79616D2B07C0CA00FA6609 /* Build configuration list for PBXProject "KeyboardKet" */;
			compatibilityVersion = "Xcode 14.0";
			developmentRegion = en;
			hasScannedForEncodings = 0;
			knownRegions = (
				en,
				Base,
			);
			mainGroup = 6E7961692B07C0CA00FA6609;
			productRefGroup = 6E7961732B07C0CA00FA6609 /* Products */;
			projectDirPath = "";
			projectRoot = "";
			targets = (
				6E7961712B07C0CA00FA6609 /* KeyboardKet */,
				6E7961872B07C0CC00FA6609 /* KeyboardKetTests */,
				6E7961912B07C0CC00FA6609 /* KeyboardKetUITests */,
				6E7FCD432B10DFD900FBDF2B /* Core */,
				6E7FCD542B10E02600FBDF2B /* Common */,
				6E7FCD642B10E0A500FBDF2B /* UI */,
				6E7FCD842B10F1CC00FBDF2B /* AuthDomain */,
				6E7FCD942B10FBA800FBDF2B /* PostDomain */,
				6E7FCDA42B11004000FBDF2B /* FirestoreService */,
				6E7FCDB42B11025F00FBDF2B /* AuthFeature */,
				6E7FCDC42B11027E00FBDF2B /* PostFeature */,
				6E7FCDD42B11044300FBDF2B /* Data */,
				6E7FCDE52B1107DB00FBDF2B /* DomainCore */,
				6EC661E42B1383BC00E1BC7B /* UserDomain */,
			);
		};
/* End PBXProject section */

/* Begin PBXResourcesBuildPhase section */
		6E7961702B07C0CA00FA6609 /* Resources */ = {
			isa = PBXResourcesBuildPhase;
			buildActionMask = 2147483647;
			files = (
				6E79617F2B07C0CC00FA6609 /* Assets.xcassets in Resources */,
			);
			runOnlyForDeploymentPostprocessing = 0;
		};
		6E7961862B07C0CC00FA6609 /* Resources */ = {
			isa = PBXResourcesBuildPhase;
			buildActionMask = 2147483647;
			files = (
			);
			runOnlyForDeploymentPostprocessing = 0;
		};
		6E7961902B07C0CC00FA6609 /* Resources */ = {
			isa = PBXResourcesBuildPhase;
			buildActionMask = 2147483647;
			files = (
			);
			runOnlyForDeploymentPostprocessing = 0;
		};
		6E7FCD422B10DFD900FBDF2B /* Resources */ = {
			isa = PBXResourcesBuildPhase;
			buildActionMask = 2147483647;
			files = (
			);
			runOnlyForDeploymentPostprocessing = 0;
		};
		6E7FCD532B10E02600FBDF2B /* Resources */ = {
			isa = PBXResourcesBuildPhase;
			buildActionMask = 2147483647;
			files = (
			);
			runOnlyForDeploymentPostprocessing = 0;
		};
		6E7FCD632B10E0A500FBDF2B /* Resources */ = {
			isa = PBXResourcesBuildPhase;
			buildActionMask = 2147483647;
			files = (
			);
			runOnlyForDeploymentPostprocessing = 0;
		};
		6E7FCD832B10F1CC00FBDF2B /* Resources */ = {
			isa = PBXResourcesBuildPhase;
			buildActionMask = 2147483647;
			files = (
			);
			runOnlyForDeploymentPostprocessing = 0;
		};
		6E7FCD932B10FBA800FBDF2B /* Resources */ = {
			isa = PBXResourcesBuildPhase;
			buildActionMask = 2147483647;
			files = (
			);
			runOnlyForDeploymentPostprocessing = 0;
		};
		6E7FCDA32B11004000FBDF2B /* Resources */ = {
			isa = PBXResourcesBuildPhase;
			buildActionMask = 2147483647;
			files = (
			);
			runOnlyForDeploymentPostprocessing = 0;
		};
		6E7FCDB32B11025F00FBDF2B /* Resources */ = {
			isa = PBXResourcesBuildPhase;
			buildActionMask = 2147483647;
			files = (
			);
			runOnlyForDeploymentPostprocessing = 0;
		};
		6E7FCDC32B11027E00FBDF2B /* Resources */ = {
			isa = PBXResourcesBuildPhase;
			buildActionMask = 2147483647;
			files = (
			);
			runOnlyForDeploymentPostprocessing = 0;
		};
		6E7FCDD32B11044300FBDF2B /* Resources */ = {
			isa = PBXResourcesBuildPhase;
			buildActionMask = 2147483647;
			files = (
			);
			runOnlyForDeploymentPostprocessing = 0;
		};
		6E7FCDE42B1107DB00FBDF2B /* Resources */ = {
			isa = PBXResourcesBuildPhase;
			buildActionMask = 2147483647;
			files = (
			);
			runOnlyForDeploymentPostprocessing = 0;
		};
		6EC661E32B1383BC00E1BC7B /* Resources */ = {
			isa = PBXResourcesBuildPhase;
			buildActionMask = 2147483647;
			files = (
			);
			runOnlyForDeploymentPostprocessing = 0;
		};
/* End PBXResourcesBuildPhase section */

/* Begin PBXSourcesBuildPhase section */
		6E79616E2B07C0CA00FA6609 /* Sources */ = {
			isa = PBXSourcesBuildPhase;
			buildActionMask = 2147483647;
			files = (
				6E5AF7992B0CFC6D007F8B6E /* PresenterDefault.swift in Sources */,
				6E5AF79B2B0CFC74007F8B6E /* UtilityDefault.swift in Sources */,
				6E79617A2B07C0CA00FA6609 /* ViewController.swift in Sources */,
				6E5AF7A12B0D1FAF007F8B6E /* DTO.swift in Sources */,
				6E7961762B07C0CA00FA6609 /* AppDelegate.swift in Sources */,
				6E5AF7A72B0D22B8007F8B6E /* PostDTO.swift in Sources */,
				6E11E85A2B0E69230042FC91 /* ModelError.swift in Sources */,
				6E11E85C2B0E6C500042FC91 /* ReviewDTO.swift in Sources */,
				6E5AF7A92B0D2C8B007F8B6E /* Post.swift in Sources */,
				6E11E85E2B0E79AD0042FC91 /* Review.swift in Sources */,
				6E5AF7A52B0D1FF7007F8B6E /* Model.swift in Sources */,
				6E11E8552B0E62560042FC91 /* AppError.swift in Sources */,
				6E5AF7AB2B0DC12B007F8B6E /* UserDTO.swift in Sources */,
				6E7961782B07C0CA00FA6609 /* SceneDelegate.swift in Sources */,
				6ECA4BCA2B0E4BDD0041E90C /* User.swift in Sources */,
				6E11E8572B0E62950042FC91 /* DTOError.swift in Sources */,
			);
			runOnlyForDeploymentPostprocessing = 0;
		};
		6E7961842B07C0CC00FA6609 /* Sources */ = {
			isa = PBXSourcesBuildPhase;
			buildActionMask = 2147483647;
			files = (
				6E79618D2B07C0CC00FA6609 /* KeyboardKetTests.swift in Sources */,
			);
			runOnlyForDeploymentPostprocessing = 0;
		};
		6E79618E2B07C0CC00FA6609 /* Sources */ = {
			isa = PBXSourcesBuildPhase;
			buildActionMask = 2147483647;
			files = (
				6E7961992B07C0CC00FA6609 /* KeyboardKetUITestsLaunchTests.swift in Sources */,
				6E7961972B07C0CC00FA6609 /* KeyboardKetUITests.swift in Sources */,
			);
			runOnlyForDeploymentPostprocessing = 0;
		};
		6E7FCD402B10DFD900FBDF2B /* Sources */ = {
			isa = PBXSourcesBuildPhase;
			buildActionMask = 2147483647;
			files = (
			);
			runOnlyForDeploymentPostprocessing = 0;
		};
		6E7FCD512B10E02600FBDF2B /* Sources */ = {
			isa = PBXSourcesBuildPhase;
			buildActionMask = 2147483647;
			files = (
			);
			runOnlyForDeploymentPostprocessing = 0;
		};
		6E7FCD612B10E0A500FBDF2B /* Sources */ = {
			isa = PBXSourcesBuildPhase;
			buildActionMask = 2147483647;
			files = (
			);
			runOnlyForDeploymentPostprocessing = 0;
		};
		6E7FCD812B10F1CC00FBDF2B /* Sources */ = {
			isa = PBXSourcesBuildPhase;
			buildActionMask = 2147483647;
			files = (
			);
			runOnlyForDeploymentPostprocessing = 0;
		};
		6E7FCD912B10FBA800FBDF2B /* Sources */ = {
			isa = PBXSourcesBuildPhase;
			buildActionMask = 2147483647;
			files = (
			);
			runOnlyForDeploymentPostprocessing = 0;
		};
		6E7FCDA12B11004000FBDF2B /* Sources */ = {
			isa = PBXSourcesBuildPhase;
			buildActionMask = 2147483647;
			files = (
			);
			runOnlyForDeploymentPostprocessing = 0;
		};
		6E7FCDB12B11025F00FBDF2B /* Sources */ = {
			isa = PBXSourcesBuildPhase;
			buildActionMask = 2147483647;
			files = (
			);
			runOnlyForDeploymentPostprocessing = 0;
		};
		6E7FCDC12B11027E00FBDF2B /* Sources */ = {
			isa = PBXSourcesBuildPhase;
			buildActionMask = 2147483647;
			files = (
			);
			runOnlyForDeploymentPostprocessing = 0;
		};
		6E7FCDD12B11044300FBDF2B /* Sources */ = {
			isa = PBXSourcesBuildPhase;
			buildActionMask = 2147483647;
			files = (
			);
			runOnlyForDeploymentPostprocessing = 0;
		};
		6E7FCDE22B1107DB00FBDF2B /* Sources */ = {
			isa = PBXSourcesBuildPhase;
			buildActionMask = 2147483647;
			files = (
			);
			runOnlyForDeploymentPostprocessing = 0;
		};
		6EC661E12B1383BC00E1BC7B /* Sources */ = {
			isa = PBXSourcesBuildPhase;
			buildActionMask = 2147483647;
			files = (
			);
			runOnlyForDeploymentPostprocessing = 0;
		};
/* End PBXSourcesBuildPhase section */

/* Begin PBXTargetDependency section */
		6E79618A2B07C0CC00FA6609 /* PBXTargetDependency */ = {
			isa = PBXTargetDependency;
			target = 6E7961712B07C0CA00FA6609 /* KeyboardKet */;
			targetProxy = 6E7961892B07C0CC00FA6609 /* PBXContainerItemProxy */;
		};
		6E7961942B07C0CC00FA6609 /* PBXTargetDependency */ = {
			isa = PBXTargetDependency;
			target = 6E7961712B07C0CA00FA6609 /* KeyboardKet */;
			targetProxy = 6E7961932B07C0CC00FA6609 /* PBXContainerItemProxy */;
		};
		6E7FCD492B10DFD900FBDF2B /* PBXTargetDependency */ = {
			isa = PBXTargetDependency;
			target = 6E7FCD432B10DFD900FBDF2B /* Core */;
			targetProxy = 6E7FCD482B10DFD900FBDF2B /* PBXContainerItemProxy */;
		};
		6E7FCD5A2B10E02600FBDF2B /* PBXTargetDependency */ = {
			isa = PBXTargetDependency;
			target = 6E7FCD542B10E02600FBDF2B /* Common */;
			targetProxy = 6E7FCD592B10E02600FBDF2B /* PBXContainerItemProxy */;
		};
		6E7FCD6A2B10E0A500FBDF2B /* PBXTargetDependency */ = {
			isa = PBXTargetDependency;
			target = 6E7FCD642B10E0A500FBDF2B /* UI */;
			targetProxy = 6E7FCD692B10E0A500FBDF2B /* PBXContainerItemProxy */;
		};
		6E7FCD8A2B10F1CC00FBDF2B /* PBXTargetDependency */ = {
			isa = PBXTargetDependency;
			target = 6E7FCD842B10F1CC00FBDF2B /* AuthDomain */;
			targetProxy = 6E7FCD892B10F1CC00FBDF2B /* PBXContainerItemProxy */;
		};
		6E7FCD9A2B10FBA900FBDF2B /* PBXTargetDependency */ = {
			isa = PBXTargetDependency;
			target = 6E7FCD942B10FBA800FBDF2B /* PostDomain */;
			targetProxy = 6E7FCD992B10FBA900FBDF2B /* PBXContainerItemProxy */;
		};
		6E7FCDAA2B11004000FBDF2B /* PBXTargetDependency */ = {
			isa = PBXTargetDependency;
			target = 6E7FCDA42B11004000FBDF2B /* FirestoreService */;
			targetProxy = 6E7FCDA92B11004000FBDF2B /* PBXContainerItemProxy */;
		};
		6E7FCDBA2B11026000FBDF2B /* PBXTargetDependency */ = {
			isa = PBXTargetDependency;
			target = 6E7FCDB42B11025F00FBDF2B /* AuthFeature */;
			targetProxy = 6E7FCDB92B11026000FBDF2B /* PBXContainerItemProxy */;
		};
		6E7FCDCA2B11027E00FBDF2B /* PBXTargetDependency */ = {
			isa = PBXTargetDependency;
			target = 6E7FCDC42B11027E00FBDF2B /* PostFeature */;
			targetProxy = 6E7FCDC92B11027E00FBDF2B /* PBXContainerItemProxy */;
		};
		6E7FCDDA2B11044400FBDF2B /* PBXTargetDependency */ = {
			isa = PBXTargetDependency;
			target = 6E7FCDD42B11044300FBDF2B /* Data */;
			targetProxy = 6E7FCDD92B11044400FBDF2B /* PBXContainerItemProxy */;
		};
		6E7FCDEB2B1107DB00FBDF2B /* PBXTargetDependency */ = {
			isa = PBXTargetDependency;
			target = 6E7FCDE52B1107DB00FBDF2B /* DomainCore */;
			targetProxy = 6E7FCDEA2B1107DB00FBDF2B /* PBXContainerItemProxy */;
		};
		6EC661EA2B1383BC00E1BC7B /* PBXTargetDependency */ = {
			isa = PBXTargetDependency;
			target = 6EC661E42B1383BC00E1BC7B /* UserDomain */;
			targetProxy = 6EC661E92B1383BC00E1BC7B /* PBXContainerItemProxy */;
		};
/* End PBXTargetDependency section */

/* Begin XCBuildConfiguration section */
		6E79619A2B07C0CC00FA6609 /* Debug */ = {
			isa = XCBuildConfiguration;
			buildSettings = {
				ALWAYS_SEARCH_USER_PATHS = NO;
				ASSETCATALOG_COMPILER_GENERATE_SWIFT_ASSET_SYMBOL_EXTENSIONS = YES;
				CLANG_ANALYZER_NONNULL = YES;
				CLANG_ANALYZER_NUMBER_OBJECT_CONVERSION = YES_AGGRESSIVE;
				CLANG_CXX_LANGUAGE_STANDARD = "gnu++20";
				CLANG_ENABLE_MODULES = YES;
				CLANG_ENABLE_OBJC_ARC = YES;
				CLANG_ENABLE_OBJC_WEAK = YES;
				CLANG_WARN_BLOCK_CAPTURE_AUTORELEASING = YES;
				CLANG_WARN_BOOL_CONVERSION = YES;
				CLANG_WARN_COMMA = YES;
				CLANG_WARN_CONSTANT_CONVERSION = YES;
				CLANG_WARN_DEPRECATED_OBJC_IMPLEMENTATIONS = YES;
				CLANG_WARN_DIRECT_OBJC_ISA_USAGE = YES_ERROR;
				CLANG_WARN_DOCUMENTATION_COMMENTS = YES;
				CLANG_WARN_EMPTY_BODY = YES;
				CLANG_WARN_ENUM_CONVERSION = YES;
				CLANG_WARN_INFINITE_RECURSION = YES;
				CLANG_WARN_INT_CONVERSION = YES;
				CLANG_WARN_NON_LITERAL_NULL_CONVERSION = YES;
				CLANG_WARN_OBJC_IMPLICIT_RETAIN_SELF = YES;
				CLANG_WARN_OBJC_LITERAL_CONVERSION = YES;
				CLANG_WARN_OBJC_ROOT_CLASS = YES_ERROR;
				CLANG_WARN_QUOTED_INCLUDE_IN_FRAMEWORK_HEADER = YES;
				CLANG_WARN_RANGE_LOOP_ANALYSIS = YES;
				CLANG_WARN_STRICT_PROTOTYPES = YES;
				CLANG_WARN_SUSPICIOUS_MOVE = YES;
				CLANG_WARN_UNGUARDED_AVAILABILITY = YES_AGGRESSIVE;
				CLANG_WARN_UNREACHABLE_CODE = YES;
				CLANG_WARN__DUPLICATE_METHOD_MATCH = YES;
				COPY_PHASE_STRIP = NO;
				DEBUG_INFORMATION_FORMAT = dwarf;
				ENABLE_STRICT_OBJC_MSGSEND = YES;
				ENABLE_TESTABILITY = YES;
				ENABLE_USER_SCRIPT_SANDBOXING = YES;
				GCC_C_LANGUAGE_STANDARD = gnu17;
				GCC_DYNAMIC_NO_PIC = NO;
				GCC_NO_COMMON_BLOCKS = YES;
				GCC_OPTIMIZATION_LEVEL = 0;
				GCC_PREPROCESSOR_DEFINITIONS = (
					"DEBUG=1",
					"$(inherited)",
				);
				GCC_WARN_64_TO_32_BIT_CONVERSION = YES;
				GCC_WARN_ABOUT_RETURN_TYPE = YES_ERROR;
				GCC_WARN_UNDECLARED_SELECTOR = YES;
				GCC_WARN_UNINITIALIZED_AUTOS = YES_AGGRESSIVE;
				GCC_WARN_UNUSED_FUNCTION = YES;
				GCC_WARN_UNUSED_VARIABLE = YES;
				IPHONEOS_DEPLOYMENT_TARGET = 14.0;
				LOCALIZATION_PREFERS_STRING_CATALOGS = YES;
				MTL_ENABLE_DEBUG_INFO = INCLUDE_SOURCE;
				MTL_FAST_MATH = YES;
				ONLY_ACTIVE_ARCH = YES;
				SDKROOT = iphoneos;
				SWIFT_ACTIVE_COMPILATION_CONDITIONS = "DEBUG $(inherited)";
				SWIFT_OPTIMIZATION_LEVEL = "-Onone";
			};
			name = Debug;
		};
		6E79619B2B07C0CC00FA6609 /* Release */ = {
			isa = XCBuildConfiguration;
			buildSettings = {
				ALWAYS_SEARCH_USER_PATHS = NO;
				ASSETCATALOG_COMPILER_GENERATE_SWIFT_ASSET_SYMBOL_EXTENSIONS = YES;
				CLANG_ANALYZER_NONNULL = YES;
				CLANG_ANALYZER_NUMBER_OBJECT_CONVERSION = YES_AGGRESSIVE;
				CLANG_CXX_LANGUAGE_STANDARD = "gnu++20";
				CLANG_ENABLE_MODULES = YES;
				CLANG_ENABLE_OBJC_ARC = YES;
				CLANG_ENABLE_OBJC_WEAK = YES;
				CLANG_WARN_BLOCK_CAPTURE_AUTORELEASING = YES;
				CLANG_WARN_BOOL_CONVERSION = YES;
				CLANG_WARN_COMMA = YES;
				CLANG_WARN_CONSTANT_CONVERSION = YES;
				CLANG_WARN_DEPRECATED_OBJC_IMPLEMENTATIONS = YES;
				CLANG_WARN_DIRECT_OBJC_ISA_USAGE = YES_ERROR;
				CLANG_WARN_DOCUMENTATION_COMMENTS = YES;
				CLANG_WARN_EMPTY_BODY = YES;
				CLANG_WARN_ENUM_CONVERSION = YES;
				CLANG_WARN_INFINITE_RECURSION = YES;
				CLANG_WARN_INT_CONVERSION = YES;
				CLANG_WARN_NON_LITERAL_NULL_CONVERSION = YES;
				CLANG_WARN_OBJC_IMPLICIT_RETAIN_SELF = YES;
				CLANG_WARN_OBJC_LITERAL_CONVERSION = YES;
				CLANG_WARN_OBJC_ROOT_CLASS = YES_ERROR;
				CLANG_WARN_QUOTED_INCLUDE_IN_FRAMEWORK_HEADER = YES;
				CLANG_WARN_RANGE_LOOP_ANALYSIS = YES;
				CLANG_WARN_STRICT_PROTOTYPES = YES;
				CLANG_WARN_SUSPICIOUS_MOVE = YES;
				CLANG_WARN_UNGUARDED_AVAILABILITY = YES_AGGRESSIVE;
				CLANG_WARN_UNREACHABLE_CODE = YES;
				CLANG_WARN__DUPLICATE_METHOD_MATCH = YES;
				COPY_PHASE_STRIP = NO;
				DEBUG_INFORMATION_FORMAT = "dwarf-with-dsym";
				ENABLE_NS_ASSERTIONS = NO;
				ENABLE_STRICT_OBJC_MSGSEND = YES;
				ENABLE_USER_SCRIPT_SANDBOXING = YES;
				GCC_C_LANGUAGE_STANDARD = gnu17;
				GCC_NO_COMMON_BLOCKS = YES;
				GCC_WARN_64_TO_32_BIT_CONVERSION = YES;
				GCC_WARN_ABOUT_RETURN_TYPE = YES_ERROR;
				GCC_WARN_UNDECLARED_SELECTOR = YES;
				GCC_WARN_UNINITIALIZED_AUTOS = YES_AGGRESSIVE;
				GCC_WARN_UNUSED_FUNCTION = YES;
				GCC_WARN_UNUSED_VARIABLE = YES;
				IPHONEOS_DEPLOYMENT_TARGET = 14.0;
				LOCALIZATION_PREFERS_STRING_CATALOGS = YES;
				MTL_ENABLE_DEBUG_INFO = NO;
				MTL_FAST_MATH = YES;
				SDKROOT = iphoneos;
				SWIFT_COMPILATION_MODE = wholemodule;
				VALIDATE_PRODUCT = YES;
			};
			name = Release;
		};
		6E79619D2B07C0CC00FA6609 /* Debug */ = {
			isa = XCBuildConfiguration;
			buildSettings = {
				ASSETCATALOG_COMPILER_APPICON_NAME = AppIcon;
				ASSETCATALOG_COMPILER_GLOBAL_ACCENT_COLOR_NAME = AccentColor;
				CODE_SIGN_STYLE = Automatic;
				CURRENT_PROJECT_VERSION = 1;
				DEVELOPMENT_TEAM = 75QZ7682T2;
				GENERATE_INFOPLIST_FILE = YES;
				INFOPLIST_FILE = KeyboardKet/Source/Config/Info.plist;
				INFOPLIST_KEY_UIApplicationSupportsIndirectInputEvents = YES;
				INFOPLIST_KEY_UILaunchStoryboardName = LaunchScreen;
				INFOPLIST_KEY_UISupportedInterfaceOrientations_iPad = "UIInterfaceOrientationPortrait UIInterfaceOrientationPortraitUpsideDown UIInterfaceOrientationLandscapeLeft UIInterfaceOrientationLandscapeRight";
				INFOPLIST_KEY_UISupportedInterfaceOrientations_iPhone = "UIInterfaceOrientationPortrait UIInterfaceOrientationLandscapeLeft UIInterfaceOrientationLandscapeRight";
				LD_RUNPATH_SEARCH_PATHS = (
					"$(inherited)",
					"@executable_path/Frameworks",
				);
				MARKETING_VERSION = 1.0;
				PRODUCT_BUNDLE_IDENTIFIER = com.KeyboardKet;
				PRODUCT_NAME = "$(TARGET_NAME)";
				SWIFT_EMIT_LOC_STRINGS = YES;
				SWIFT_VERSION = 5.0;
				TARGETED_DEVICE_FAMILY = "1,2";
			};
			name = Debug;
		};
		6E79619E2B07C0CC00FA6609 /* Release */ = {
			isa = XCBuildConfiguration;
			buildSettings = {
				ASSETCATALOG_COMPILER_APPICON_NAME = AppIcon;
				ASSETCATALOG_COMPILER_GLOBAL_ACCENT_COLOR_NAME = AccentColor;
				CODE_SIGN_STYLE = Automatic;
				CURRENT_PROJECT_VERSION = 1;
				DEVELOPMENT_TEAM = 75QZ7682T2;
				GENERATE_INFOPLIST_FILE = YES;
				INFOPLIST_FILE = KeyboardKet/Source/Config/Info.plist;
				INFOPLIST_KEY_UIApplicationSupportsIndirectInputEvents = YES;
				INFOPLIST_KEY_UILaunchStoryboardName = LaunchScreen;
				INFOPLIST_KEY_UISupportedInterfaceOrientations_iPad = "UIInterfaceOrientationPortrait UIInterfaceOrientationPortraitUpsideDown UIInterfaceOrientationLandscapeLeft UIInterfaceOrientationLandscapeRight";
				INFOPLIST_KEY_UISupportedInterfaceOrientations_iPhone = "UIInterfaceOrientationPortrait UIInterfaceOrientationLandscapeLeft UIInterfaceOrientationLandscapeRight";
				LD_RUNPATH_SEARCH_PATHS = (
					"$(inherited)",
					"@executable_path/Frameworks",
				);
				MARKETING_VERSION = 1.0;
				PRODUCT_BUNDLE_IDENTIFIER = com.KeyboardKet;
				PRODUCT_NAME = "$(TARGET_NAME)";
				SWIFT_EMIT_LOC_STRINGS = YES;
				SWIFT_VERSION = 5.0;
				TARGETED_DEVICE_FAMILY = "1,2";
			};
			name = Release;
		};
		6E7961A02B07C0CC00FA6609 /* Debug */ = {
			isa = XCBuildConfiguration;
			buildSettings = {
				ALWAYS_EMBED_SWIFT_STANDARD_LIBRARIES = YES;
				BUNDLE_LOADER = "$(TEST_HOST)";
				CODE_SIGN_STYLE = Automatic;
				CURRENT_PROJECT_VERSION = 1;
				DEVELOPMENT_TEAM = 75QZ7682T2;
				GENERATE_INFOPLIST_FILE = YES;
				IPHONEOS_DEPLOYMENT_TARGET = 14.0;
				MARKETING_VERSION = 1.0;
				PRODUCT_BUNDLE_IDENTIFIER = com.KeyboardKetTests;
				PRODUCT_NAME = "$(TARGET_NAME)";
				SWIFT_EMIT_LOC_STRINGS = NO;
				SWIFT_VERSION = 5.0;
				TARGETED_DEVICE_FAMILY = "1,2";
				TEST_HOST = "$(BUILT_PRODUCTS_DIR)/KeyboardKet.app/$(BUNDLE_EXECUTABLE_FOLDER_PATH)/KeyboardKet";
			};
			name = Debug;
		};
		6E7961A12B07C0CC00FA6609 /* Release */ = {
			isa = XCBuildConfiguration;
			buildSettings = {
				ALWAYS_EMBED_SWIFT_STANDARD_LIBRARIES = YES;
				BUNDLE_LOADER = "$(TEST_HOST)";
				CODE_SIGN_STYLE = Automatic;
				CURRENT_PROJECT_VERSION = 1;
				DEVELOPMENT_TEAM = 75QZ7682T2;
				GENERATE_INFOPLIST_FILE = YES;
				IPHONEOS_DEPLOYMENT_TARGET = 14.0;
				MARKETING_VERSION = 1.0;
				PRODUCT_BUNDLE_IDENTIFIER = com.KeyboardKetTests;
				PRODUCT_NAME = "$(TARGET_NAME)";
				SWIFT_EMIT_LOC_STRINGS = NO;
				SWIFT_VERSION = 5.0;
				TARGETED_DEVICE_FAMILY = "1,2";
				TEST_HOST = "$(BUILT_PRODUCTS_DIR)/KeyboardKet.app/$(BUNDLE_EXECUTABLE_FOLDER_PATH)/KeyboardKet";
			};
			name = Release;
		};
		6E7961A32B07C0CC00FA6609 /* Debug */ = {
			isa = XCBuildConfiguration;
			buildSettings = {
				ALWAYS_EMBED_SWIFT_STANDARD_LIBRARIES = YES;
				CODE_SIGN_STYLE = Automatic;
				CURRENT_PROJECT_VERSION = 1;
				DEVELOPMENT_TEAM = 75QZ7682T2;
				GENERATE_INFOPLIST_FILE = YES;
				IPHONEOS_DEPLOYMENT_TARGET = 14.0;
				MARKETING_VERSION = 1.0;
				PRODUCT_BUNDLE_IDENTIFIER = com.KeyboardKetUITests;
				PRODUCT_NAME = "$(TARGET_NAME)";
				SWIFT_EMIT_LOC_STRINGS = NO;
				SWIFT_VERSION = 5.0;
				TARGETED_DEVICE_FAMILY = "1,2";
				TEST_TARGET_NAME = KeyboardKet;
			};
			name = Debug;
		};
		6E7961A42B07C0CC00FA6609 /* Release */ = {
			isa = XCBuildConfiguration;
			buildSettings = {
				ALWAYS_EMBED_SWIFT_STANDARD_LIBRARIES = YES;
				CODE_SIGN_STYLE = Automatic;
				CURRENT_PROJECT_VERSION = 1;
				DEVELOPMENT_TEAM = 75QZ7682T2;
				GENERATE_INFOPLIST_FILE = YES;
				IPHONEOS_DEPLOYMENT_TARGET = 14.0;
				MARKETING_VERSION = 1.0;
				PRODUCT_BUNDLE_IDENTIFIER = com.KeyboardKetUITests;
				PRODUCT_NAME = "$(TARGET_NAME)";
				SWIFT_EMIT_LOC_STRINGS = NO;
				SWIFT_VERSION = 5.0;
				TARGETED_DEVICE_FAMILY = "1,2";
				TEST_TARGET_NAME = KeyboardKet;
			};
			name = Release;
		};
		6E7FCD4D2B10DFD900FBDF2B /* Debug */ = {
			isa = XCBuildConfiguration;
			buildSettings = {
				CODE_SIGN_STYLE = Automatic;
				CURRENT_PROJECT_VERSION = 1;
				DEFINES_MODULE = YES;
				DEVELOPMENT_TEAM = 75QZ7682T2;
				DYLIB_COMPATIBILITY_VERSION = 1;
				DYLIB_CURRENT_VERSION = 1;
				DYLIB_INSTALL_NAME_BASE = "@rpath";
				ENABLE_MODULE_VERIFIER = YES;
				GENERATE_INFOPLIST_FILE = YES;
				INFOPLIST_KEY_NSHumanReadableCopyright = "";
				INSTALL_PATH = "$(LOCAL_LIBRARY_DIR)/Frameworks";
				IPHONEOS_DEPLOYMENT_TARGET = 14.0;
				LD_RUNPATH_SEARCH_PATHS = (
					"$(inherited)",
					"@executable_path/Frameworks",
					"@loader_path/Frameworks",
				);
				MARKETING_VERSION = 1.0;
				MODULE_VERIFIER_SUPPORTED_LANGUAGES = "objective-c objective-c++";
				MODULE_VERIFIER_SUPPORTED_LANGUAGE_STANDARDS = "gnu17 gnu++20";
				PRODUCT_BUNDLE_IDENTIFIER = com.Core;
				PRODUCT_NAME = "$(TARGET_NAME:c99extidentifier)";
				SKIP_INSTALL = YES;
				SWIFT_EMIT_LOC_STRINGS = YES;
				SWIFT_VERSION = 5.0;
				TARGETED_DEVICE_FAMILY = "1,2";
				VERSIONING_SYSTEM = "apple-generic";
				VERSION_INFO_PREFIX = "";
			};
			name = Debug;
		};
		6E7FCD4E2B10DFD900FBDF2B /* Release */ = {
			isa = XCBuildConfiguration;
			buildSettings = {
				CODE_SIGN_STYLE = Automatic;
				CURRENT_PROJECT_VERSION = 1;
				DEFINES_MODULE = YES;
				DEVELOPMENT_TEAM = 75QZ7682T2;
				DYLIB_COMPATIBILITY_VERSION = 1;
				DYLIB_CURRENT_VERSION = 1;
				DYLIB_INSTALL_NAME_BASE = "@rpath";
				ENABLE_MODULE_VERIFIER = YES;
				GENERATE_INFOPLIST_FILE = YES;
				INFOPLIST_KEY_NSHumanReadableCopyright = "";
				INSTALL_PATH = "$(LOCAL_LIBRARY_DIR)/Frameworks";
				IPHONEOS_DEPLOYMENT_TARGET = 14.0;
				LD_RUNPATH_SEARCH_PATHS = (
					"$(inherited)",
					"@executable_path/Frameworks",
					"@loader_path/Frameworks",
				);
				MARKETING_VERSION = 1.0;
				MODULE_VERIFIER_SUPPORTED_LANGUAGES = "objective-c objective-c++";
				MODULE_VERIFIER_SUPPORTED_LANGUAGE_STANDARDS = "gnu17 gnu++20";
				PRODUCT_BUNDLE_IDENTIFIER = com.Core;
				PRODUCT_NAME = "$(TARGET_NAME:c99extidentifier)";
				SKIP_INSTALL = YES;
				SWIFT_EMIT_LOC_STRINGS = YES;
				SWIFT_VERSION = 5.0;
				TARGETED_DEVICE_FAMILY = "1,2";
				VERSIONING_SYSTEM = "apple-generic";
				VERSION_INFO_PREFIX = "";
			};
			name = Release;
		};
		6E7FCD5E2B10E02600FBDF2B /* Debug */ = {
			isa = XCBuildConfiguration;
			buildSettings = {
				CODE_SIGN_STYLE = Automatic;
				CURRENT_PROJECT_VERSION = 1;
				DEFINES_MODULE = YES;
				DEVELOPMENT_TEAM = 75QZ7682T2;
				DYLIB_COMPATIBILITY_VERSION = 1;
				DYLIB_CURRENT_VERSION = 1;
				DYLIB_INSTALL_NAME_BASE = "@rpath";
				ENABLE_MODULE_VERIFIER = YES;
				GENERATE_INFOPLIST_FILE = YES;
				INFOPLIST_KEY_NSHumanReadableCopyright = "";
				INSTALL_PATH = "$(LOCAL_LIBRARY_DIR)/Frameworks";
				IPHONEOS_DEPLOYMENT_TARGET = 17.0;
				LD_RUNPATH_SEARCH_PATHS = (
					"$(inherited)",
					"@executable_path/Frameworks",
					"@loader_path/Frameworks",
				);
				MARKETING_VERSION = 1.0;
				MODULE_VERIFIER_SUPPORTED_LANGUAGES = "objective-c objective-c++";
				MODULE_VERIFIER_SUPPORTED_LANGUAGE_STANDARDS = "gnu17 gnu++20";
				PRODUCT_BUNDLE_IDENTIFIER = com.Common;
				PRODUCT_NAME = "$(TARGET_NAME:c99extidentifier)";
				SKIP_INSTALL = YES;
				SWIFT_EMIT_LOC_STRINGS = YES;
				SWIFT_VERSION = 5.0;
				TARGETED_DEVICE_FAMILY = "1,2";
				VERSIONING_SYSTEM = "apple-generic";
				VERSION_INFO_PREFIX = "";
			};
			name = Debug;
		};
		6E7FCD5F2B10E02600FBDF2B /* Release */ = {
			isa = XCBuildConfiguration;
			buildSettings = {
				CODE_SIGN_STYLE = Automatic;
				CURRENT_PROJECT_VERSION = 1;
				DEFINES_MODULE = YES;
				DEVELOPMENT_TEAM = 75QZ7682T2;
				DYLIB_COMPATIBILITY_VERSION = 1;
				DYLIB_CURRENT_VERSION = 1;
				DYLIB_INSTALL_NAME_BASE = "@rpath";
				ENABLE_MODULE_VERIFIER = YES;
				GENERATE_INFOPLIST_FILE = YES;
				INFOPLIST_KEY_NSHumanReadableCopyright = "";
				INSTALL_PATH = "$(LOCAL_LIBRARY_DIR)/Frameworks";
				IPHONEOS_DEPLOYMENT_TARGET = 17.0;
				LD_RUNPATH_SEARCH_PATHS = (
					"$(inherited)",
					"@executable_path/Frameworks",
					"@loader_path/Frameworks",
				);
				MARKETING_VERSION = 1.0;
				MODULE_VERIFIER_SUPPORTED_LANGUAGES = "objective-c objective-c++";
				MODULE_VERIFIER_SUPPORTED_LANGUAGE_STANDARDS = "gnu17 gnu++20";
				PRODUCT_BUNDLE_IDENTIFIER = com.Common;
				PRODUCT_NAME = "$(TARGET_NAME:c99extidentifier)";
				SKIP_INSTALL = YES;
				SWIFT_EMIT_LOC_STRINGS = YES;
				SWIFT_VERSION = 5.0;
				TARGETED_DEVICE_FAMILY = "1,2";
				VERSIONING_SYSTEM = "apple-generic";
				VERSION_INFO_PREFIX = "";
			};
			name = Release;
		};
		6E7FCD6E2B10E0A500FBDF2B /* Debug */ = {
			isa = XCBuildConfiguration;
			buildSettings = {
				CODE_SIGN_STYLE = Automatic;
				CURRENT_PROJECT_VERSION = 1;
				DEFINES_MODULE = YES;
				DEVELOPMENT_TEAM = 75QZ7682T2;
				DYLIB_COMPATIBILITY_VERSION = 1;
				DYLIB_CURRENT_VERSION = 1;
				DYLIB_INSTALL_NAME_BASE = "@rpath";
				ENABLE_MODULE_VERIFIER = YES;
				GENERATE_INFOPLIST_FILE = YES;
				INFOPLIST_KEY_NSHumanReadableCopyright = "";
				INSTALL_PATH = "$(LOCAL_LIBRARY_DIR)/Frameworks";
				IPHONEOS_DEPLOYMENT_TARGET = 17.0;
				LD_RUNPATH_SEARCH_PATHS = (
					"$(inherited)",
					"@executable_path/Frameworks",
					"@loader_path/Frameworks",
				);
				MARKETING_VERSION = 1.0;
				MODULE_VERIFIER_SUPPORTED_LANGUAGES = "objective-c objective-c++";
				MODULE_VERIFIER_SUPPORTED_LANGUAGE_STANDARDS = "gnu17 gnu++20";
				PRODUCT_BUNDLE_IDENTIFIER = com.UI;
				PRODUCT_NAME = "$(TARGET_NAME:c99extidentifier)";
				SKIP_INSTALL = YES;
				SWIFT_EMIT_LOC_STRINGS = YES;
				SWIFT_VERSION = 5.0;
				TARGETED_DEVICE_FAMILY = "1,2";
				VERSIONING_SYSTEM = "apple-generic";
				VERSION_INFO_PREFIX = "";
			};
			name = Debug;
		};
		6E7FCD6F2B10E0A500FBDF2B /* Release */ = {
			isa = XCBuildConfiguration;
			buildSettings = {
				CODE_SIGN_STYLE = Automatic;
				CURRENT_PROJECT_VERSION = 1;
				DEFINES_MODULE = YES;
				DEVELOPMENT_TEAM = 75QZ7682T2;
				DYLIB_COMPATIBILITY_VERSION = 1;
				DYLIB_CURRENT_VERSION = 1;
				DYLIB_INSTALL_NAME_BASE = "@rpath";
				ENABLE_MODULE_VERIFIER = YES;
				GENERATE_INFOPLIST_FILE = YES;
				INFOPLIST_KEY_NSHumanReadableCopyright = "";
				INSTALL_PATH = "$(LOCAL_LIBRARY_DIR)/Frameworks";
				IPHONEOS_DEPLOYMENT_TARGET = 17.0;
				LD_RUNPATH_SEARCH_PATHS = (
					"$(inherited)",
					"@executable_path/Frameworks",
					"@loader_path/Frameworks",
				);
				MARKETING_VERSION = 1.0;
				MODULE_VERIFIER_SUPPORTED_LANGUAGES = "objective-c objective-c++";
				MODULE_VERIFIER_SUPPORTED_LANGUAGE_STANDARDS = "gnu17 gnu++20";
				PRODUCT_BUNDLE_IDENTIFIER = com.UI;
				PRODUCT_NAME = "$(TARGET_NAME:c99extidentifier)";
				SKIP_INSTALL = YES;
				SWIFT_EMIT_LOC_STRINGS = YES;
				SWIFT_VERSION = 5.0;
				TARGETED_DEVICE_FAMILY = "1,2";
				VERSIONING_SYSTEM = "apple-generic";
				VERSION_INFO_PREFIX = "";
			};
			name = Release;
		};
		6E7FCD8E2B10F1CC00FBDF2B /* Debug */ = {
			isa = XCBuildConfiguration;
			buildSettings = {
				CODE_SIGN_STYLE = Automatic;
				CURRENT_PROJECT_VERSION = 1;
				DEFINES_MODULE = YES;
				DEVELOPMENT_TEAM = 75QZ7682T2;
				DYLIB_COMPATIBILITY_VERSION = 1;
				DYLIB_CURRENT_VERSION = 1;
				DYLIB_INSTALL_NAME_BASE = "@rpath";
				ENABLE_MODULE_VERIFIER = YES;
				GENERATE_INFOPLIST_FILE = YES;
				INFOPLIST_KEY_NSHumanReadableCopyright = "";
				INSTALL_PATH = "$(LOCAL_LIBRARY_DIR)/Frameworks";
				IPHONEOS_DEPLOYMENT_TARGET = 17.0;
				LD_RUNPATH_SEARCH_PATHS = (
					"$(inherited)",
					"@executable_path/Frameworks",
					"@loader_path/Frameworks",
				);
				MARKETING_VERSION = 1.0;
				MODULE_VERIFIER_SUPPORTED_LANGUAGES = "objective-c objective-c++";
				MODULE_VERIFIER_SUPPORTED_LANGUAGE_STANDARDS = "gnu17 gnu++20";
				PRODUCT_BUNDLE_IDENTIFIER = com.AuthDomain;
				PRODUCT_NAME = "$(TARGET_NAME:c99extidentifier)";
				SKIP_INSTALL = YES;
				SWIFT_EMIT_LOC_STRINGS = YES;
				SWIFT_VERSION = 5.0;
				TARGETED_DEVICE_FAMILY = "1,2";
				VERSIONING_SYSTEM = "apple-generic";
				VERSION_INFO_PREFIX = "";
			};
			name = Debug;
		};
		6E7FCD8F2B10F1CC00FBDF2B /* Release */ = {
			isa = XCBuildConfiguration;
			buildSettings = {
				CODE_SIGN_STYLE = Automatic;
				CURRENT_PROJECT_VERSION = 1;
				DEFINES_MODULE = YES;
				DEVELOPMENT_TEAM = 75QZ7682T2;
				DYLIB_COMPATIBILITY_VERSION = 1;
				DYLIB_CURRENT_VERSION = 1;
				DYLIB_INSTALL_NAME_BASE = "@rpath";
				ENABLE_MODULE_VERIFIER = YES;
				GENERATE_INFOPLIST_FILE = YES;
				INFOPLIST_KEY_NSHumanReadableCopyright = "";
				INSTALL_PATH = "$(LOCAL_LIBRARY_DIR)/Frameworks";
				IPHONEOS_DEPLOYMENT_TARGET = 17.0;
				LD_RUNPATH_SEARCH_PATHS = (
					"$(inherited)",
					"@executable_path/Frameworks",
					"@loader_path/Frameworks",
				);
				MARKETING_VERSION = 1.0;
				MODULE_VERIFIER_SUPPORTED_LANGUAGES = "objective-c objective-c++";
				MODULE_VERIFIER_SUPPORTED_LANGUAGE_STANDARDS = "gnu17 gnu++20";
				PRODUCT_BUNDLE_IDENTIFIER = com.AuthDomain;
				PRODUCT_NAME = "$(TARGET_NAME:c99extidentifier)";
				SKIP_INSTALL = YES;
				SWIFT_EMIT_LOC_STRINGS = YES;
				SWIFT_VERSION = 5.0;
				TARGETED_DEVICE_FAMILY = "1,2";
				VERSIONING_SYSTEM = "apple-generic";
				VERSION_INFO_PREFIX = "";
			};
			name = Release;
		};
		6E7FCD9E2B10FBA900FBDF2B /* Debug */ = {
			isa = XCBuildConfiguration;
			buildSettings = {
				CODE_SIGN_STYLE = Automatic;
				CURRENT_PROJECT_VERSION = 1;
				DEFINES_MODULE = YES;
				DEVELOPMENT_TEAM = 75QZ7682T2;
				DYLIB_COMPATIBILITY_VERSION = 1;
				DYLIB_CURRENT_VERSION = 1;
				DYLIB_INSTALL_NAME_BASE = "@rpath";
				ENABLE_MODULE_VERIFIER = YES;
				GENERATE_INFOPLIST_FILE = YES;
				INFOPLIST_KEY_NSHumanReadableCopyright = "";
				INSTALL_PATH = "$(LOCAL_LIBRARY_DIR)/Frameworks";
				IPHONEOS_DEPLOYMENT_TARGET = 17.0;
				LD_RUNPATH_SEARCH_PATHS = (
					"$(inherited)",
					"@executable_path/Frameworks",
					"@loader_path/Frameworks",
				);
				MARKETING_VERSION = 1.0;
				MODULE_VERIFIER_SUPPORTED_LANGUAGES = "objective-c objective-c++";
				MODULE_VERIFIER_SUPPORTED_LANGUAGE_STANDARDS = "gnu17 gnu++20";
				PRODUCT_BUNDLE_IDENTIFIER = com.PostDomain;
				PRODUCT_NAME = "$(TARGET_NAME:c99extidentifier)";
				SKIP_INSTALL = YES;
				SWIFT_EMIT_LOC_STRINGS = YES;
				SWIFT_VERSION = 5.0;
				TARGETED_DEVICE_FAMILY = "1,2";
				VERSIONING_SYSTEM = "apple-generic";
				VERSION_INFO_PREFIX = "";
			};
			name = Debug;
		};
		6E7FCD9F2B10FBA900FBDF2B /* Release */ = {
			isa = XCBuildConfiguration;
			buildSettings = {
				CODE_SIGN_STYLE = Automatic;
				CURRENT_PROJECT_VERSION = 1;
				DEFINES_MODULE = YES;
				DEVELOPMENT_TEAM = 75QZ7682T2;
				DYLIB_COMPATIBILITY_VERSION = 1;
				DYLIB_CURRENT_VERSION = 1;
				DYLIB_INSTALL_NAME_BASE = "@rpath";
				ENABLE_MODULE_VERIFIER = YES;
				GENERATE_INFOPLIST_FILE = YES;
				INFOPLIST_KEY_NSHumanReadableCopyright = "";
				INSTALL_PATH = "$(LOCAL_LIBRARY_DIR)/Frameworks";
				IPHONEOS_DEPLOYMENT_TARGET = 17.0;
				LD_RUNPATH_SEARCH_PATHS = (
					"$(inherited)",
					"@executable_path/Frameworks",
					"@loader_path/Frameworks",
				);
				MARKETING_VERSION = 1.0;
				MODULE_VERIFIER_SUPPORTED_LANGUAGES = "objective-c objective-c++";
				MODULE_VERIFIER_SUPPORTED_LANGUAGE_STANDARDS = "gnu17 gnu++20";
				PRODUCT_BUNDLE_IDENTIFIER = com.PostDomain;
				PRODUCT_NAME = "$(TARGET_NAME:c99extidentifier)";
				SKIP_INSTALL = YES;
				SWIFT_EMIT_LOC_STRINGS = YES;
				SWIFT_VERSION = 5.0;
				TARGETED_DEVICE_FAMILY = "1,2";
				VERSIONING_SYSTEM = "apple-generic";
				VERSION_INFO_PREFIX = "";
			};
			name = Release;
		};
		6E7FCDAE2B11004000FBDF2B /* Debug */ = {
			isa = XCBuildConfiguration;
			buildSettings = {
				CODE_SIGN_STYLE = Automatic;
				CURRENT_PROJECT_VERSION = 1;
				DEFINES_MODULE = YES;
				DEVELOPMENT_TEAM = 75QZ7682T2;
				DYLIB_COMPATIBILITY_VERSION = 1;
				DYLIB_CURRENT_VERSION = 1;
				DYLIB_INSTALL_NAME_BASE = "@rpath";
				ENABLE_MODULE_VERIFIER = YES;
				GENERATE_INFOPLIST_FILE = YES;
				INFOPLIST_KEY_NSHumanReadableCopyright = "";
				INSTALL_PATH = "$(LOCAL_LIBRARY_DIR)/Frameworks";
				IPHONEOS_DEPLOYMENT_TARGET = 17.0;
				LD_RUNPATH_SEARCH_PATHS = (
					"$(inherited)",
					"@executable_path/Frameworks",
					"@loader_path/Frameworks",
				);
				MARKETING_VERSION = 1.0;
				MODULE_VERIFIER_SUPPORTED_LANGUAGES = "objective-c objective-c++";
				MODULE_VERIFIER_SUPPORTED_LANGUAGE_STANDARDS = "gnu17 gnu++20";
				PRODUCT_BUNDLE_IDENTIFIER = com.FirestoreService;
				PRODUCT_NAME = "$(TARGET_NAME:c99extidentifier)";
				SKIP_INSTALL = YES;
				SWIFT_EMIT_LOC_STRINGS = YES;
				SWIFT_VERSION = 5.0;
				TARGETED_DEVICE_FAMILY = "1,2";
				VERSIONING_SYSTEM = "apple-generic";
				VERSION_INFO_PREFIX = "";
			};
			name = Debug;
		};
		6E7FCDAF2B11004000FBDF2B /* Release */ = {
			isa = XCBuildConfiguration;
			buildSettings = {
				CODE_SIGN_STYLE = Automatic;
				CURRENT_PROJECT_VERSION = 1;
				DEFINES_MODULE = YES;
				DEVELOPMENT_TEAM = 75QZ7682T2;
				DYLIB_COMPATIBILITY_VERSION = 1;
				DYLIB_CURRENT_VERSION = 1;
				DYLIB_INSTALL_NAME_BASE = "@rpath";
				ENABLE_MODULE_VERIFIER = YES;
				GENERATE_INFOPLIST_FILE = YES;
				INFOPLIST_KEY_NSHumanReadableCopyright = "";
				INSTALL_PATH = "$(LOCAL_LIBRARY_DIR)/Frameworks";
				IPHONEOS_DEPLOYMENT_TARGET = 17.0;
				LD_RUNPATH_SEARCH_PATHS = (
					"$(inherited)",
					"@executable_path/Frameworks",
					"@loader_path/Frameworks",
				);
				MARKETING_VERSION = 1.0;
				MODULE_VERIFIER_SUPPORTED_LANGUAGES = "objective-c objective-c++";
				MODULE_VERIFIER_SUPPORTED_LANGUAGE_STANDARDS = "gnu17 gnu++20";
				PRODUCT_BUNDLE_IDENTIFIER = com.FirestoreService;
				PRODUCT_NAME = "$(TARGET_NAME:c99extidentifier)";
				SKIP_INSTALL = YES;
				SWIFT_EMIT_LOC_STRINGS = YES;
				SWIFT_VERSION = 5.0;
				TARGETED_DEVICE_FAMILY = "1,2";
				VERSIONING_SYSTEM = "apple-generic";
				VERSION_INFO_PREFIX = "";
			};
			name = Release;
		};
		6E7FCDBE2B11026000FBDF2B /* Debug */ = {
			isa = XCBuildConfiguration;
			buildSettings = {
				CODE_SIGN_STYLE = Automatic;
				CURRENT_PROJECT_VERSION = 1;
				DEFINES_MODULE = YES;
				DEVELOPMENT_TEAM = 75QZ7682T2;
				DYLIB_COMPATIBILITY_VERSION = 1;
				DYLIB_CURRENT_VERSION = 1;
				DYLIB_INSTALL_NAME_BASE = "@rpath";
				ENABLE_MODULE_VERIFIER = YES;
				GENERATE_INFOPLIST_FILE = YES;
				INFOPLIST_KEY_NSHumanReadableCopyright = "";
				INSTALL_PATH = "$(LOCAL_LIBRARY_DIR)/Frameworks";
				IPHONEOS_DEPLOYMENT_TARGET = 17.0;
				LD_RUNPATH_SEARCH_PATHS = (
					"$(inherited)",
					"@executable_path/Frameworks",
					"@loader_path/Frameworks",
				);
				MARKETING_VERSION = 1.0;
				MODULE_VERIFIER_SUPPORTED_LANGUAGES = "objective-c objective-c++";
				MODULE_VERIFIER_SUPPORTED_LANGUAGE_STANDARDS = "gnu17 gnu++20";
				PRODUCT_BUNDLE_IDENTIFIER = com.AuthFeature;
				PRODUCT_NAME = "$(TARGET_NAME:c99extidentifier)";
				SKIP_INSTALL = YES;
				SWIFT_EMIT_LOC_STRINGS = YES;
				SWIFT_VERSION = 5.0;
				TARGETED_DEVICE_FAMILY = "1,2";
				VERSIONING_SYSTEM = "apple-generic";
				VERSION_INFO_PREFIX = "";
			};
			name = Debug;
		};
		6E7FCDBF2B11026000FBDF2B /* Release */ = {
			isa = XCBuildConfiguration;
			buildSettings = {
				CODE_SIGN_STYLE = Automatic;
				CURRENT_PROJECT_VERSION = 1;
				DEFINES_MODULE = YES;
				DEVELOPMENT_TEAM = 75QZ7682T2;
				DYLIB_COMPATIBILITY_VERSION = 1;
				DYLIB_CURRENT_VERSION = 1;
				DYLIB_INSTALL_NAME_BASE = "@rpath";
				ENABLE_MODULE_VERIFIER = YES;
				GENERATE_INFOPLIST_FILE = YES;
				INFOPLIST_KEY_NSHumanReadableCopyright = "";
				INSTALL_PATH = "$(LOCAL_LIBRARY_DIR)/Frameworks";
				IPHONEOS_DEPLOYMENT_TARGET = 17.0;
				LD_RUNPATH_SEARCH_PATHS = (
					"$(inherited)",
					"@executable_path/Frameworks",
					"@loader_path/Frameworks",
				);
				MARKETING_VERSION = 1.0;
				MODULE_VERIFIER_SUPPORTED_LANGUAGES = "objective-c objective-c++";
				MODULE_VERIFIER_SUPPORTED_LANGUAGE_STANDARDS = "gnu17 gnu++20";
				PRODUCT_BUNDLE_IDENTIFIER = com.AuthFeature;
				PRODUCT_NAME = "$(TARGET_NAME:c99extidentifier)";
				SKIP_INSTALL = YES;
				SWIFT_EMIT_LOC_STRINGS = YES;
				SWIFT_VERSION = 5.0;
				TARGETED_DEVICE_FAMILY = "1,2";
				VERSIONING_SYSTEM = "apple-generic";
				VERSION_INFO_PREFIX = "";
			};
			name = Release;
		};
		6E7FCDCE2B11027E00FBDF2B /* Debug */ = {
			isa = XCBuildConfiguration;
			buildSettings = {
				CODE_SIGN_STYLE = Automatic;
				CURRENT_PROJECT_VERSION = 1;
				DEFINES_MODULE = YES;
				DEVELOPMENT_TEAM = 75QZ7682T2;
				DYLIB_COMPATIBILITY_VERSION = 1;
				DYLIB_CURRENT_VERSION = 1;
				DYLIB_INSTALL_NAME_BASE = "@rpath";
				ENABLE_MODULE_VERIFIER = YES;
				GENERATE_INFOPLIST_FILE = YES;
				INFOPLIST_KEY_NSHumanReadableCopyright = "";
				INSTALL_PATH = "$(LOCAL_LIBRARY_DIR)/Frameworks";
				IPHONEOS_DEPLOYMENT_TARGET = 17.0;
				LD_RUNPATH_SEARCH_PATHS = (
					"$(inherited)",
					"@executable_path/Frameworks",
					"@loader_path/Frameworks",
				);
				MARKETING_VERSION = 1.0;
				MODULE_VERIFIER_SUPPORTED_LANGUAGES = "objective-c objective-c++";
				MODULE_VERIFIER_SUPPORTED_LANGUAGE_STANDARDS = "gnu17 gnu++20";
				PRODUCT_BUNDLE_IDENTIFIER = com.PostFeature;
				PRODUCT_NAME = "$(TARGET_NAME:c99extidentifier)";
				SKIP_INSTALL = YES;
				SWIFT_EMIT_LOC_STRINGS = YES;
				SWIFT_VERSION = 5.0;
				TARGETED_DEVICE_FAMILY = "1,2";
				VERSIONING_SYSTEM = "apple-generic";
				VERSION_INFO_PREFIX = "";
			};
			name = Debug;
		};
		6E7FCDCF2B11027E00FBDF2B /* Release */ = {
			isa = XCBuildConfiguration;
			buildSettings = {
				CODE_SIGN_STYLE = Automatic;
				CURRENT_PROJECT_VERSION = 1;
				DEFINES_MODULE = YES;
				DEVELOPMENT_TEAM = 75QZ7682T2;
				DYLIB_COMPATIBILITY_VERSION = 1;
				DYLIB_CURRENT_VERSION = 1;
				DYLIB_INSTALL_NAME_BASE = "@rpath";
				ENABLE_MODULE_VERIFIER = YES;
				GENERATE_INFOPLIST_FILE = YES;
				INFOPLIST_KEY_NSHumanReadableCopyright = "";
				INSTALL_PATH = "$(LOCAL_LIBRARY_DIR)/Frameworks";
				IPHONEOS_DEPLOYMENT_TARGET = 17.0;
				LD_RUNPATH_SEARCH_PATHS = (
					"$(inherited)",
					"@executable_path/Frameworks",
					"@loader_path/Frameworks",
				);
				MARKETING_VERSION = 1.0;
				MODULE_VERIFIER_SUPPORTED_LANGUAGES = "objective-c objective-c++";
				MODULE_VERIFIER_SUPPORTED_LANGUAGE_STANDARDS = "gnu17 gnu++20";
				PRODUCT_BUNDLE_IDENTIFIER = com.PostFeature;
				PRODUCT_NAME = "$(TARGET_NAME:c99extidentifier)";
				SKIP_INSTALL = YES;
				SWIFT_EMIT_LOC_STRINGS = YES;
				SWIFT_VERSION = 5.0;
				TARGETED_DEVICE_FAMILY = "1,2";
				VERSIONING_SYSTEM = "apple-generic";
				VERSION_INFO_PREFIX = "";
			};
			name = Release;
		};
		6E7FCDDE2B11044400FBDF2B /* Debug */ = {
			isa = XCBuildConfiguration;
			buildSettings = {
				CODE_SIGN_STYLE = Automatic;
				CURRENT_PROJECT_VERSION = 1;
				DEFINES_MODULE = YES;
				DEVELOPMENT_TEAM = 75QZ7682T2;
				DYLIB_COMPATIBILITY_VERSION = 1;
				DYLIB_CURRENT_VERSION = 1;
				DYLIB_INSTALL_NAME_BASE = "@rpath";
				ENABLE_MODULE_VERIFIER = YES;
				GENERATE_INFOPLIST_FILE = YES;
				INFOPLIST_KEY_NSHumanReadableCopyright = "";
				INSTALL_PATH = "$(LOCAL_LIBRARY_DIR)/Frameworks";
				IPHONEOS_DEPLOYMENT_TARGET = 17.0;
				LD_RUNPATH_SEARCH_PATHS = (
					"$(inherited)",
					"@executable_path/Frameworks",
					"@loader_path/Frameworks",
				);
				MARKETING_VERSION = 1.0;
				MODULE_VERIFIER_SUPPORTED_LANGUAGES = "objective-c objective-c++";
				MODULE_VERIFIER_SUPPORTED_LANGUAGE_STANDARDS = "gnu17 gnu++20";
				PRODUCT_BUNDLE_IDENTIFIER = com.Data;
				PRODUCT_NAME = "$(TARGET_NAME:c99extidentifier)";
				SKIP_INSTALL = YES;
				SWIFT_EMIT_LOC_STRINGS = YES;
				SWIFT_VERSION = 5.0;
				TARGETED_DEVICE_FAMILY = "1,2";
				VERSIONING_SYSTEM = "apple-generic";
				VERSION_INFO_PREFIX = "";
			};
			name = Debug;
		};
		6E7FCDDF2B11044400FBDF2B /* Release */ = {
			isa = XCBuildConfiguration;
			buildSettings = {
				CODE_SIGN_STYLE = Automatic;
				CURRENT_PROJECT_VERSION = 1;
				DEFINES_MODULE = YES;
				DEVELOPMENT_TEAM = 75QZ7682T2;
				DYLIB_COMPATIBILITY_VERSION = 1;
				DYLIB_CURRENT_VERSION = 1;
				DYLIB_INSTALL_NAME_BASE = "@rpath";
				ENABLE_MODULE_VERIFIER = YES;
				GENERATE_INFOPLIST_FILE = YES;
				INFOPLIST_KEY_NSHumanReadableCopyright = "";
				INSTALL_PATH = "$(LOCAL_LIBRARY_DIR)/Frameworks";
				IPHONEOS_DEPLOYMENT_TARGET = 17.0;
				LD_RUNPATH_SEARCH_PATHS = (
					"$(inherited)",
					"@executable_path/Frameworks",
					"@loader_path/Frameworks",
				);
				MARKETING_VERSION = 1.0;
				MODULE_VERIFIER_SUPPORTED_LANGUAGES = "objective-c objective-c++";
				MODULE_VERIFIER_SUPPORTED_LANGUAGE_STANDARDS = "gnu17 gnu++20";
				PRODUCT_BUNDLE_IDENTIFIER = com.Data;
				PRODUCT_NAME = "$(TARGET_NAME:c99extidentifier)";
				SKIP_INSTALL = YES;
				SWIFT_EMIT_LOC_STRINGS = YES;
				SWIFT_VERSION = 5.0;
				TARGETED_DEVICE_FAMILY = "1,2";
				VERSIONING_SYSTEM = "apple-generic";
				VERSION_INFO_PREFIX = "";
			};
			name = Release;
		};
		6E7FCDEF2B1107DC00FBDF2B /* Debug */ = {
			isa = XCBuildConfiguration;
			buildSettings = {
				CODE_SIGN_STYLE = Automatic;
				CURRENT_PROJECT_VERSION = 1;
				DEFINES_MODULE = YES;
				DEVELOPMENT_TEAM = 75QZ7682T2;
				DYLIB_COMPATIBILITY_VERSION = 1;
				DYLIB_CURRENT_VERSION = 1;
				DYLIB_INSTALL_NAME_BASE = "@rpath";
				ENABLE_MODULE_VERIFIER = YES;
				GENERATE_INFOPLIST_FILE = YES;
				INFOPLIST_KEY_NSHumanReadableCopyright = "";
				INSTALL_PATH = "$(LOCAL_LIBRARY_DIR)/Frameworks";
				IPHONEOS_DEPLOYMENT_TARGET = 17.0;
				LD_RUNPATH_SEARCH_PATHS = (
					"$(inherited)",
					"@executable_path/Frameworks",
					"@loader_path/Frameworks",
				);
				MARKETING_VERSION = 1.0;
				MODULE_VERIFIER_SUPPORTED_LANGUAGES = "objective-c objective-c++";
				MODULE_VERIFIER_SUPPORTED_LANGUAGE_STANDARDS = "gnu17 gnu++20";
				PRODUCT_BUNDLE_IDENTIFIER = com.DomainCore;
				PRODUCT_NAME = "$(TARGET_NAME:c99extidentifier)";
				SKIP_INSTALL = YES;
				SWIFT_EMIT_LOC_STRINGS = YES;
				SWIFT_VERSION = 5.0;
				TARGETED_DEVICE_FAMILY = "1,2";
				VERSIONING_SYSTEM = "apple-generic";
				VERSION_INFO_PREFIX = "";
			};
			name = Debug;
		};
		6E7FCDF02B1107DC00FBDF2B /* Release */ = {
			isa = XCBuildConfiguration;
			buildSettings = {
				CODE_SIGN_STYLE = Automatic;
				CURRENT_PROJECT_VERSION = 1;
				DEFINES_MODULE = YES;
				DEVELOPMENT_TEAM = 75QZ7682T2;
				DYLIB_COMPATIBILITY_VERSION = 1;
				DYLIB_CURRENT_VERSION = 1;
				DYLIB_INSTALL_NAME_BASE = "@rpath";
				ENABLE_MODULE_VERIFIER = YES;
				GENERATE_INFOPLIST_FILE = YES;
				INFOPLIST_KEY_NSHumanReadableCopyright = "";
				INSTALL_PATH = "$(LOCAL_LIBRARY_DIR)/Frameworks";
				IPHONEOS_DEPLOYMENT_TARGET = 17.0;
				LD_RUNPATH_SEARCH_PATHS = (
					"$(inherited)",
					"@executable_path/Frameworks",
					"@loader_path/Frameworks",
				);
				MARKETING_VERSION = 1.0;
				MODULE_VERIFIER_SUPPORTED_LANGUAGES = "objective-c objective-c++";
				MODULE_VERIFIER_SUPPORTED_LANGUAGE_STANDARDS = "gnu17 gnu++20";
				PRODUCT_BUNDLE_IDENTIFIER = com.DomainCore;
				PRODUCT_NAME = "$(TARGET_NAME:c99extidentifier)";
				SKIP_INSTALL = YES;
				SWIFT_EMIT_LOC_STRINGS = YES;
				SWIFT_VERSION = 5.0;
				TARGETED_DEVICE_FAMILY = "1,2";
				VERSIONING_SYSTEM = "apple-generic";
				VERSION_INFO_PREFIX = "";
			};
			name = Release;
		};
		6EC661ED2B1383BC00E1BC7B /* Debug */ = {
			isa = XCBuildConfiguration;
			buildSettings = {
				CODE_SIGN_STYLE = Automatic;
				CURRENT_PROJECT_VERSION = 1;
				DEFINES_MODULE = YES;
				DEVELOPMENT_TEAM = 75QZ7682T2;
				DYLIB_COMPATIBILITY_VERSION = 1;
				DYLIB_CURRENT_VERSION = 1;
				DYLIB_INSTALL_NAME_BASE = "@rpath";
				ENABLE_MODULE_VERIFIER = YES;
				GENERATE_INFOPLIST_FILE = YES;
				INFOPLIST_KEY_NSHumanReadableCopyright = "";
				INSTALL_PATH = "$(LOCAL_LIBRARY_DIR)/Frameworks";
				IPHONEOS_DEPLOYMENT_TARGET = 17.0;
				LD_RUNPATH_SEARCH_PATHS = (
					"$(inherited)",
					"@executable_path/Frameworks",
					"@loader_path/Frameworks",
				);
				MARKETING_VERSION = 1.0;
				MODULE_VERIFIER_SUPPORTED_LANGUAGES = "objective-c objective-c++";
				MODULE_VERIFIER_SUPPORTED_LANGUAGE_STANDARDS = "gnu17 gnu++20";
				PRODUCT_BUNDLE_IDENTIFIER = com.UserDomain;
				PRODUCT_NAME = "$(TARGET_NAME:c99extidentifier)";
				SKIP_INSTALL = YES;
				SWIFT_EMIT_LOC_STRINGS = YES;
				SWIFT_VERSION = 5.0;
				TARGETED_DEVICE_FAMILY = "1,2";
				VERSIONING_SYSTEM = "apple-generic";
				VERSION_INFO_PREFIX = "";
			};
			name = Debug;
		};
		6EC661EE2B1383BC00E1BC7B /* Release */ = {
			isa = XCBuildConfiguration;
			buildSettings = {
				CODE_SIGN_STYLE = Automatic;
				CURRENT_PROJECT_VERSION = 1;
				DEFINES_MODULE = YES;
				DEVELOPMENT_TEAM = 75QZ7682T2;
				DYLIB_COMPATIBILITY_VERSION = 1;
				DYLIB_CURRENT_VERSION = 1;
				DYLIB_INSTALL_NAME_BASE = "@rpath";
				ENABLE_MODULE_VERIFIER = YES;
				GENERATE_INFOPLIST_FILE = YES;
				INFOPLIST_KEY_NSHumanReadableCopyright = "";
				INSTALL_PATH = "$(LOCAL_LIBRARY_DIR)/Frameworks";
				IPHONEOS_DEPLOYMENT_TARGET = 17.0;
				LD_RUNPATH_SEARCH_PATHS = (
					"$(inherited)",
					"@executable_path/Frameworks",
					"@loader_path/Frameworks",
				);
				MARKETING_VERSION = 1.0;
				MODULE_VERIFIER_SUPPORTED_LANGUAGES = "objective-c objective-c++";
				MODULE_VERIFIER_SUPPORTED_LANGUAGE_STANDARDS = "gnu17 gnu++20";
				PRODUCT_BUNDLE_IDENTIFIER = com.UserDomain;
				PRODUCT_NAME = "$(TARGET_NAME:c99extidentifier)";
				SKIP_INSTALL = YES;
				SWIFT_EMIT_LOC_STRINGS = YES;
				SWIFT_VERSION = 5.0;
				TARGETED_DEVICE_FAMILY = "1,2";
				VERSIONING_SYSTEM = "apple-generic";
				VERSION_INFO_PREFIX = "";
			};
			name = Release;
		};
/* End XCBuildConfiguration section */

/* Begin XCConfigurationList section */
		6E79616D2B07C0CA00FA6609 /* Build configuration list for PBXProject "KeyboardKet" */ = {
			isa = XCConfigurationList;
			buildConfigurations = (
				6E79619A2B07C0CC00FA6609 /* Debug */,
				6E79619B2B07C0CC00FA6609 /* Release */,
			);
			defaultConfigurationIsVisible = 0;
			defaultConfigurationName = Release;
		};
		6E79619C2B07C0CC00FA6609 /* Build configuration list for PBXNativeTarget "KeyboardKet" */ = {
			isa = XCConfigurationList;
			buildConfigurations = (
				6E79619D2B07C0CC00FA6609 /* Debug */,
				6E79619E2B07C0CC00FA6609 /* Release */,
			);
			defaultConfigurationIsVisible = 0;
			defaultConfigurationName = Release;
		};
		6E79619F2B07C0CC00FA6609 /* Build configuration list for PBXNativeTarget "KeyboardKetTests" */ = {
			isa = XCConfigurationList;
			buildConfigurations = (
				6E7961A02B07C0CC00FA6609 /* Debug */,
				6E7961A12B07C0CC00FA6609 /* Release */,
			);
			defaultConfigurationIsVisible = 0;
			defaultConfigurationName = Release;
		};
		6E7961A22B07C0CC00FA6609 /* Build configuration list for PBXNativeTarget "KeyboardKetUITests" */ = {
			isa = XCConfigurationList;
			buildConfigurations = (
				6E7961A32B07C0CC00FA6609 /* Debug */,
				6E7961A42B07C0CC00FA6609 /* Release */,
			);
			defaultConfigurationIsVisible = 0;
			defaultConfigurationName = Release;
		};
		6E7FCD4F2B10DFD900FBDF2B /* Build configuration list for PBXNativeTarget "Core" */ = {
			isa = XCConfigurationList;
			buildConfigurations = (
				6E7FCD4D2B10DFD900FBDF2B /* Debug */,
				6E7FCD4E2B10DFD900FBDF2B /* Release */,
			);
			defaultConfigurationIsVisible = 0;
			defaultConfigurationName = Release;
		};
		6E7FCD5D2B10E02600FBDF2B /* Build configuration list for PBXNativeTarget "Common" */ = {
			isa = XCConfigurationList;
			buildConfigurations = (
				6E7FCD5E2B10E02600FBDF2B /* Debug */,
				6E7FCD5F2B10E02600FBDF2B /* Release */,
			);
			defaultConfigurationIsVisible = 0;
			defaultConfigurationName = Release;
		};
		6E7FCD6D2B10E0A500FBDF2B /* Build configuration list for PBXNativeTarget "UI" */ = {
			isa = XCConfigurationList;
			buildConfigurations = (
				6E7FCD6E2B10E0A500FBDF2B /* Debug */,
				6E7FCD6F2B10E0A500FBDF2B /* Release */,
			);
			defaultConfigurationIsVisible = 0;
			defaultConfigurationName = Release;
		};
		6E7FCD8D2B10F1CC00FBDF2B /* Build configuration list for PBXNativeTarget "AuthDomain" */ = {
			isa = XCConfigurationList;
			buildConfigurations = (
				6E7FCD8E2B10F1CC00FBDF2B /* Debug */,
				6E7FCD8F2B10F1CC00FBDF2B /* Release */,
			);
			defaultConfigurationIsVisible = 0;
			defaultConfigurationName = Release;
		};
		6E7FCD9D2B10FBA900FBDF2B /* Build configuration list for PBXNativeTarget "PostDomain" */ = {
			isa = XCConfigurationList;
			buildConfigurations = (
				6E7FCD9E2B10FBA900FBDF2B /* Debug */,
				6E7FCD9F2B10FBA900FBDF2B /* Release */,
			);
			defaultConfigurationIsVisible = 0;
			defaultConfigurationName = Release;
		};
		6E7FCDAD2B11004000FBDF2B /* Build configuration list for PBXNativeTarget "FirestoreService" */ = {
			isa = XCConfigurationList;
			buildConfigurations = (
				6E7FCDAE2B11004000FBDF2B /* Debug */,
				6E7FCDAF2B11004000FBDF2B /* Release */,
			);
			defaultConfigurationIsVisible = 0;
			defaultConfigurationName = Release;
		};
		6E7FCDBD2B11026000FBDF2B /* Build configuration list for PBXNativeTarget "AuthFeature" */ = {
			isa = XCConfigurationList;
			buildConfigurations = (
				6E7FCDBE2B11026000FBDF2B /* Debug */,
				6E7FCDBF2B11026000FBDF2B /* Release */,
			);
			defaultConfigurationIsVisible = 0;
			defaultConfigurationName = Release;
		};
		6E7FCDCD2B11027E00FBDF2B /* Build configuration list for PBXNativeTarget "PostFeature" */ = {
			isa = XCConfigurationList;
			buildConfigurations = (
				6E7FCDCE2B11027E00FBDF2B /* Debug */,
				6E7FCDCF2B11027E00FBDF2B /* Release */,
			);
			defaultConfigurationIsVisible = 0;
			defaultConfigurationName = Release;
		};
		6E7FCDDD2B11044400FBDF2B /* Build configuration list for PBXNativeTarget "Data" */ = {
			isa = XCConfigurationList;
			buildConfigurations = (
				6E7FCDDE2B11044400FBDF2B /* Debug */,
				6E7FCDDF2B11044400FBDF2B /* Release */,
			);
			defaultConfigurationIsVisible = 0;
			defaultConfigurationName = Release;
		};
		6E7FCDEE2B1107DC00FBDF2B /* Build configuration list for PBXNativeTarget "DomainCore" */ = {
			isa = XCConfigurationList;
			buildConfigurations = (
				6E7FCDEF2B1107DC00FBDF2B /* Debug */,
				6E7FCDF02B1107DC00FBDF2B /* Release */,
			);
			defaultConfigurationIsVisible = 0;
			defaultConfigurationName = Release;
		};
		6EC661EF2B1383BC00E1BC7B /* Build configuration list for PBXNativeTarget "UserDomain" */ = {
			isa = XCConfigurationList;
			buildConfigurations = (
				6EC661ED2B1383BC00E1BC7B /* Debug */,
				6EC661EE2B1383BC00E1BC7B /* Release */,
			);
			defaultConfigurationIsVisible = 0;
			defaultConfigurationName = Release;
		};
/* End XCConfigurationList section */
	};
	rootObject = 6E79616A2B07C0CA00FA6609 /* Project object */;
}
